// !$*UTF8*$!
{
	archiveVersion = 1;
	classes = {
	};
	objectVersion = 46;
	objects = {

/* Begin PBXBuildFile section */
		F707112019E0C7A700D3BBD2 /* GameKit.framework in Frameworks */ = {isa = PBXBuildFile; fileRef = F707111F19E0C7A700D3BBD2 /* GameKit.framework */; };
		F73B16911A44AE0E0085A18A /* QuartzCore.framework in Frameworks */ = {isa = PBXBuildFile; fileRef = F73B16901A44AE0E0085A18A /* QuartzCore.framework */; };
		F73BD86519C395EF00CD51B9 /* main.m in Sources */ = {isa = PBXBuildFile; fileRef = F73BD86419C395EF00CD51B9 /* main.m */; };
		F73BD86819C395F000CD51B9 /* JMSAppDelegate.m in Sources */ = {isa = PBXBuildFile; fileRef = F73BD86719C395F000CD51B9 /* JMSAppDelegate.m */; };
		F73BD87119C395F000CD51B9 /* Main.storyboard in Resources */ = {isa = PBXBuildFile; fileRef = F73BD86F19C395F000CD51B9 /* Main.storyboard */; };
		F73BD87319C395F000CD51B9 /* Images.xcassets in Resources */ = {isa = PBXBuildFile; fileRef = F73BD87219C395F000CD51B9 /* Images.xcassets */; };
		F73BD88219C395F000CD51B9 /* JapaneseMinesweeperTests.m in Sources */ = {isa = PBXBuildFile; fileRef = F73BD88119C395F000CD51B9 /* JapaneseMinesweeperTests.m */; };
		F775748F1B3A174E00160A53 /* JMSKeyValueSettingsHelper.m in Sources */ = {isa = PBXBuildFile; fileRef = F775748E1B3A174E00160A53 /* JMSKeyValueSettingsHelper.m */; };
		F77574911B3A1BDD00160A53 /* Settings.plist in Resources */ = {isa = PBXBuildFile; fileRef = F77574901B3A1BDD00160A53 /* Settings.plist */; };
		F778C1B01D05BA0B00A86F84 /* Localizable.strings in Resources */ = {isa = PBXBuildFile; fileRef = F778C1AE1D05BA0B00A86F84 /* Localizable.strings */; };
		F787EF991CEBDCDB0063E649 /* JMSGameboardView.m in Sources */ = {isa = PBXBuildFile; fileRef = F787EF981CEBDCDB0063E649 /* JMSGameboardView.m */; };
		F787EF9E1CEE89580063E649 /* JMSAlteredCellInfo.m in Sources */ = {isa = PBXBuildFile; fileRef = F787EF9D1CEE89580063E649 /* JMSAlteredCellInfo.m */; };
		F787EFA11CF127050063E649 /* JMSMessageBoxView+LevelCompleted.m in Sources */ = {isa = PBXBuildFile; fileRef = F787EFA01CF127050063E649 /* JMSMessageBoxView+LevelCompleted.m */; };
		F79830191D04868D0025C1F1 /* JMSGameBoardViewController+Tutorial.m in Sources */ = {isa = PBXBuildFile; fileRef = F79830181D04868D0025C1F1 /* JMSGameBoardViewController+Tutorial.m */; };
		F7ABEFB41A9A647B0069FDA2 /* put_flag.wav in Resources */ = {isa = PBXBuildFile; fileRef = F7ABEFB11A9A647B0069FDA2 /* put_flag.wav */; };
		F7ABEFB51A9A647B0069FDA2 /* put_flag.wav in Resources */ = {isa = PBXBuildFile; fileRef = F7ABEFB11A9A647B0069FDA2 /* put_flag.wav */; };
		F7ABEFB81A9AA49F0069FDA2 /* JMSSoundHelper.m in Sources */ = {isa = PBXBuildFile; fileRef = F7ABEFB71A9AA49F0069FDA2 /* JMSSoundHelper.m */; };
		F7ABEFB91A9AA49F0069FDA2 /* JMSSoundHelper.m in Sources */ = {isa = PBXBuildFile; fileRef = F7ABEFB71A9AA49F0069FDA2 /* JMSSoundHelper.m */; };
		F7ADBED91A8FE9A4003BAAF2 /* JMSMineGridCellInfo.m in Sources */ = {isa = PBXBuildFile; fileRef = F7ADBED81A8FE9A4003BAAF2 /* JMSMineGridCellInfo.m */; };
		F7ADBEDC1A8FF53B003BAAF2 /* JMSGameModel.m in Sources */ = {isa = PBXBuildFile; fileRef = F7ADBEDB1A8FF53B003BAAF2 /* JMSGameModel.m */; };
		F7ADBEEA1A913EC5003BAAF2 /* JMSGameKitHelper.m in Sources */ = {isa = PBXBuildFile; fileRef = F7ADBEE91A913EC5003BAAF2 /* JMSGameKitHelper.m */; };
		F7ADBF141A973977003BAAF2 /* game_over.wav in Resources */ = {isa = PBXBuildFile; fileRef = F7ADBF111A973977003BAAF2 /* game_over.wav */; };
		F7ADBF151A973977003BAAF2 /* level_completed.wav in Resources */ = {isa = PBXBuildFile; fileRef = F7ADBF121A973977003BAAF2 /* level_completed.wav */; };
		F7ADBF161A973977003BAAF2 /* ui_feedback.wav in Resources */ = {isa = PBXBuildFile; fileRef = F7ADBF131A973977003BAAF2 /* ui_feedback.wav */; };
		F7ADBF1B1A973B0F003BAAF2 /* AVFoundation.framework in Frameworks */ = {isa = PBXBuildFile; fileRef = F7ADBF1A1A973B0F003BAAF2 /* AVFoundation.framework */; };
		F7C3F97E1B3F3D3700CCE5C8 /* UIColor+GameColorPalette.m in Sources */ = {isa = PBXBuildFile; fileRef = F7C3F97D1B3F3D3700CCE5C8 /* UIColor+GameColorPalette.m */; };
		F7C3F9811B3F43F400CCE5C8 /* UIColor+ColorFromHexString.m in Sources */ = {isa = PBXBuildFile; fileRef = F7C3F9801B3F43F400CCE5C8 /* UIColor+ColorFromHexString.m */; };
		F7C3F98B1B3F446900CCE5C8 /* JapaneseMinesweeper.xcdatamodeld in Sources */ = {isa = PBXBuildFile; fileRef = F7C3F9831B3F446900CCE5C8 /* JapaneseMinesweeper.xcdatamodeld */; };
		F7C3F98C1B3F446900CCE5C8 /* JMSDataManagerBase.m in Sources */ = {isa = PBXBuildFile; fileRef = F7C3F9861B3F446900CCE5C8 /* JMSDataManagerBase.m */; };
		F7C3F98D1B3F446900CCE5C8 /* JMSGameSession.m in Sources */ = {isa = PBXBuildFile; fileRef = F7C3F9881B3F446900CCE5C8 /* JMSGameSession.m */; };
		F7C3F98E1B3F446900CCE5C8 /* JMSLeaderboardManager.m in Sources */ = {isa = PBXBuildFile; fileRef = F7C3F98A1B3F446900CCE5C8 /* JMSLeaderboardManager.m */; };
		F7C3F9961B3F458700CCE5C8 /* JMSAboutViewController.m in Sources */ = {isa = PBXBuildFile; fileRef = F7C3F9921B3F458700CCE5C8 /* JMSAboutViewController.m */; };
		F7C3F9971B3F458700CCE5C8 /* JMSAboutViewController.xib in Resources */ = {isa = PBXBuildFile; fileRef = F7C3F9931B3F458700CCE5C8 /* JMSAboutViewController.xib */; };
		F7C3F9981B3F458700CCE5C8 /* JMSPopoverPresentationController.m in Sources */ = {isa = PBXBuildFile; fileRef = F7C3F9951B3F458700CCE5C8 /* JMSPopoverPresentationController.m */; };
		F7C3F9A11B3F45E700CCE5C8 /* JMSGameBoardViewController.m in Sources */ = {isa = PBXBuildFile; fileRef = F7C3F99A1B3F45E700CCE5C8 /* JMSGameBoardViewController.m */; };
		F7C3F9A21B3F45E700CCE5C8 /* JMSLeaderboardTableViewController.m in Sources */ = {isa = PBXBuildFile; fileRef = F7C3F99C1B3F45E700CCE5C8 /* JMSLeaderboardTableViewController.m */; };
		F7C3F9A31B3F45E700CCE5C8 /* JMSMainViewController.m in Sources */ = {isa = PBXBuildFile; fileRef = F7C3F99E1B3F45E700CCE5C8 /* JMSMainViewController.m */; };
		F7C3F9A41B3F45E700CCE5C8 /* JMSOptionsViewController.m in Sources */ = {isa = PBXBuildFile; fileRef = F7C3F9A01B3F45E700CCE5C8 /* JMSOptionsViewController.m */; };
		F7C3F9B71B3F472700CCE5C8 /* JMSMineGridCell.m in Sources */ = {isa = PBXBuildFile; fileRef = F7C3F9A81B3F472700CCE5C8 /* JMSMineGridCell.m */; };
		F7C3F9B81B3F472700CCE5C8 /* JMSScoreTableViewCell.m in Sources */ = {isa = PBXBuildFile; fileRef = F7C3F9AA1B3F472700CCE5C8 /* JMSScoreTableViewCell.m */; };
		F7C3F9B91B3F472700CCE5C8 /* JMSGradientButton.m in Sources */ = {isa = PBXBuildFile; fileRef = F7C3F9AC1B3F472700CCE5C8 /* JMSGradientButton.m */; };
		F7C3F9BA1B3F472700CCE5C8 /* JMSGradientSpeedmeterView.m in Sources */ = {isa = PBXBuildFile; fileRef = F7C3F9AE1B3F472700CCE5C8 /* JMSGradientSpeedmeterView.m */; };
		F7C3F9BB1B3F472700CCE5C8 /* JMSGradientView.m in Sources */ = {isa = PBXBuildFile; fileRef = F7C3F9B01B3F472700CCE5C8 /* JMSGradientView.m */; };
		F7C3F9BC1B3F472700CCE5C8 /* JMSMessageBoxView.m in Sources */ = {isa = PBXBuildFile; fileRef = F7C3F9B21B3F472700CCE5C8 /* JMSMessageBoxView.m */; };
		F7C3F9BD1B3F472700CCE5C8 /* JMSMineGridView.m in Sources */ = {isa = PBXBuildFile; fileRef = F7C3F9B41B3F472700CCE5C8 /* JMSMineGridView.m */; };
		F7DB5AB41D002184006EC511 /* JMSMainView.m in Sources */ = {isa = PBXBuildFile; fileRef = F7DB5AB31D002184006EC511 /* JMSMainView.m */; };
		F7DB5AB71D033540006EC511 /* JMSAboutView.m in Sources */ = {isa = PBXBuildFile; fileRef = F7DB5AB61D033540006EC511 /* JMSAboutView.m */; };
		F7DB5ABA1D038D02006EC511 /* JMSOptionsView.m in Sources */ = {isa = PBXBuildFile; fileRef = F7DB5AB91D038D02006EC511 /* JMSOptionsView.m */; };
		F7F922F11ABE115200407855 /* JMSTutorialManager.m in Sources */ = {isa = PBXBuildFile; fileRef = F7F922F01ABE115200407855 /* JMSTutorialManager.m */; };
		FDE612711AC45FF000122F3E /* JMSTutorialTask.m in Sources */ = {isa = PBXBuildFile; fileRef = FDE612701AC45FF000122F3E /* JMSTutorialTask.m */; };
/* End PBXBuildFile section */

/* Begin PBXContainerItemProxy section */
		F73BD87C19C395F000CD51B9 /* PBXContainerItemProxy */ = {
			isa = PBXContainerItemProxy;
			containerPortal = F73BD85719C395EF00CD51B9 /* Project object */;
			proxyType = 1;
			remoteGlobalIDString = F73BD85E19C395EF00CD51B9;
			remoteInfo = JapaneseMinesweeper;
		};
/* End PBXContainerItemProxy section */

/* Begin PBXFileReference section */
		F707111F19E0C7A700D3BBD2 /* GameKit.framework */ = {isa = PBXFileReference; lastKnownFileType = wrapper.framework; name = GameKit.framework; path = System/Library/Frameworks/GameKit.framework; sourceTree = SDKROOT; };
		F73B16901A44AE0E0085A18A /* QuartzCore.framework */ = {isa = PBXFileReference; lastKnownFileType = wrapper.framework; name = QuartzCore.framework; path = System/Library/Frameworks/QuartzCore.framework; sourceTree = SDKROOT; };
		F73BD85F19C395EF00CD51B9 /* JapaneseMinesweeper.app */ = {isa = PBXFileReference; explicitFileType = wrapper.application; includeInIndex = 0; path = JapaneseMinesweeper.app; sourceTree = BUILT_PRODUCTS_DIR; };
		F73BD86319C395EF00CD51B9 /* Info.plist */ = {isa = PBXFileReference; lastKnownFileType = text.plist.xml; path = Info.plist; sourceTree = "<group>"; };
		F73BD86419C395EF00CD51B9 /* main.m */ = {isa = PBXFileReference; lastKnownFileType = sourcecode.c.objc; path = main.m; sourceTree = "<group>"; };
		F73BD86619C395EF00CD51B9 /* JMSAppDelegate.h */ = {isa = PBXFileReference; lastKnownFileType = sourcecode.c.h; path = JMSAppDelegate.h; sourceTree = "<group>"; };
		F73BD86719C395F000CD51B9 /* JMSAppDelegate.m */ = {isa = PBXFileReference; lastKnownFileType = sourcecode.c.objc; path = JMSAppDelegate.m; sourceTree = "<group>"; };
		F73BD87019C395F000CD51B9 /* Base */ = {isa = PBXFileReference; lastKnownFileType = file.storyboard; name = Base; path = Base.lproj/Main.storyboard; sourceTree = "<group>"; };
		F73BD87219C395F000CD51B9 /* Images.xcassets */ = {isa = PBXFileReference; lastKnownFileType = folder.assetcatalog; path = Images.xcassets; sourceTree = "<group>"; };
		F73BD87B19C395F000CD51B9 /* JapaneseMinesweeperTests.xctest */ = {isa = PBXFileReference; explicitFileType = wrapper.cfbundle; includeInIndex = 0; path = JapaneseMinesweeperTests.xctest; sourceTree = BUILT_PRODUCTS_DIR; };
		F73BD88019C395F000CD51B9 /* Info.plist */ = {isa = PBXFileReference; lastKnownFileType = text.plist.xml; path = Info.plist; sourceTree = "<group>"; };
		F73BD88119C395F000CD51B9 /* JapaneseMinesweeperTests.m */ = {isa = PBXFileReference; lastKnownFileType = sourcecode.c.objc; path = JapaneseMinesweeperTests.m; sourceTree = "<group>"; };
		F775748D1B3A174E00160A53 /* JMSKeyValueSettingsHelper.h */ = {isa = PBXFileReference; fileEncoding = 4; lastKnownFileType = sourcecode.c.h; path = JMSKeyValueSettingsHelper.h; sourceTree = "<group>"; };
		F775748E1B3A174E00160A53 /* JMSKeyValueSettingsHelper.m */ = {isa = PBXFileReference; fileEncoding = 4; lastKnownFileType = sourcecode.c.objc; path = JMSKeyValueSettingsHelper.m; sourceTree = "<group>"; };
		F77574901B3A1BDD00160A53 /* Settings.plist */ = {isa = PBXFileReference; fileEncoding = 4; lastKnownFileType = text.plist.xml; path = Settings.plist; sourceTree = "<group>"; };
		F778C1AF1D05BA0B00A86F84 /* en */ = {isa = PBXFileReference; lastKnownFileType = text.plist.strings; name = en; path = en.lproj/Localizable.strings; sourceTree = "<group>"; };
		F787EF971CEBDCDB0063E649 /* JMSGameboardView.h */ = {isa = PBXFileReference; fileEncoding = 4; lastKnownFileType = sourcecode.c.h; path = JMSGameboardView.h; sourceTree = "<group>"; };
		F787EF981CEBDCDB0063E649 /* JMSGameboardView.m */ = {isa = PBXFileReference; fileEncoding = 4; lastKnownFileType = sourcecode.c.objc; path = JMSGameboardView.m; sourceTree = "<group>"; };
		F787EF9B1CEE78E60063E649 /* AlteredCellObserver.h */ = {isa = PBXFileReference; fileEncoding = 4; lastKnownFileType = sourcecode.c.h; path = AlteredCellObserver.h; sourceTree = "<group>"; };
		F787EF9C1CEE89580063E649 /* JMSAlteredCellInfo.h */ = {isa = PBXFileReference; fileEncoding = 4; lastKnownFileType = sourcecode.c.h; path = JMSAlteredCellInfo.h; sourceTree = "<group>"; };
		F787EF9D1CEE89580063E649 /* JMSAlteredCellInfo.m */ = {isa = PBXFileReference; fileEncoding = 4; lastKnownFileType = sourcecode.c.objc; path = JMSAlteredCellInfo.m; sourceTree = "<group>"; };
		F787EF9F1CF127050063E649 /* JMSMessageBoxView+LevelCompleted.h */ = {isa = PBXFileReference; fileEncoding = 4; lastKnownFileType = sourcecode.c.h; path = "JMSMessageBoxView+LevelCompleted.h"; sourceTree = "<group>"; };
		F787EFA01CF127050063E649 /* JMSMessageBoxView+LevelCompleted.m */ = {isa = PBXFileReference; fileEncoding = 4; lastKnownFileType = sourcecode.c.objc; path = "JMSMessageBoxView+LevelCompleted.m"; sourceTree = "<group>"; };
		F79830171D04868D0025C1F1 /* JMSGameBoardViewController+Tutorial.h */ = {isa = PBXFileReference; fileEncoding = 4; lastKnownFileType = sourcecode.c.h; path = "JMSGameBoardViewController+Tutorial.h"; sourceTree = "<group>"; };
		F79830181D04868D0025C1F1 /* JMSGameBoardViewController+Tutorial.m */ = {isa = PBXFileReference; fileEncoding = 4; lastKnownFileType = sourcecode.c.objc; path = "JMSGameBoardViewController+Tutorial.m"; sourceTree = "<group>"; };
		F798301D1D04F0CA0025C1F1 /* en */ = {isa = PBXFileReference; lastKnownFileType = text.plist.strings; name = en; path = en.lproj/Main.strings; sourceTree = "<group>"; };
		F7ABEFB11A9A647B0069FDA2 /* put_flag.wav */ = {isa = PBXFileReference; lastKnownFileType = audio.wav; path = put_flag.wav; sourceTree = "<group>"; };
		F7ABEFB61A9AA49F0069FDA2 /* JMSSoundHelper.h */ = {isa = PBXFileReference; fileEncoding = 4; lastKnownFileType = sourcecode.c.h; path = JMSSoundHelper.h; sourceTree = "<group>"; };
		F7ABEFB71A9AA49F0069FDA2 /* JMSSoundHelper.m */ = {isa = PBXFileReference; fileEncoding = 4; lastKnownFileType = sourcecode.c.objc; path = JMSSoundHelper.m; sourceTree = "<group>"; };
		F7ADBED71A8FE9A4003BAAF2 /* JMSMineGridCellInfo.h */ = {isa = PBXFileReference; fileEncoding = 4; lastKnownFileType = sourcecode.c.h; path = JMSMineGridCellInfo.h; sourceTree = "<group>"; };
		F7ADBED81A8FE9A4003BAAF2 /* JMSMineGridCellInfo.m */ = {isa = PBXFileReference; fileEncoding = 4; lastKnownFileType = sourcecode.c.objc; path = JMSMineGridCellInfo.m; sourceTree = "<group>"; };
		F7ADBEDA1A8FF53B003BAAF2 /* JMSGameModel.h */ = {isa = PBXFileReference; fileEncoding = 4; lastKnownFileType = sourcecode.c.h; path = JMSGameModel.h; sourceTree = "<group>"; };
		F7ADBEDB1A8FF53B003BAAF2 /* JMSGameModel.m */ = {isa = PBXFileReference; fileEncoding = 4; lastKnownFileType = sourcecode.c.objc; path = JMSGameModel.m; sourceTree = "<group>"; };
		F7ADBEE81A913EC5003BAAF2 /* JMSGameKitHelper.h */ = {isa = PBXFileReference; fileEncoding = 4; lastKnownFileType = sourcecode.c.h; path = JMSGameKitHelper.h; sourceTree = "<group>"; };
		F7ADBEE91A913EC5003BAAF2 /* JMSGameKitHelper.m */ = {isa = PBXFileReference; fileEncoding = 4; lastKnownFileType = sourcecode.c.objc; path = JMSGameKitHelper.m; sourceTree = "<group>"; };
		F7ADBF111A973977003BAAF2 /* game_over.wav */ = {isa = PBXFileReference; lastKnownFileType = audio.wav; path = game_over.wav; sourceTree = "<group>"; };
		F7ADBF121A973977003BAAF2 /* level_completed.wav */ = {isa = PBXFileReference; lastKnownFileType = audio.wav; path = level_completed.wav; sourceTree = "<group>"; };
		F7ADBF131A973977003BAAF2 /* ui_feedback.wav */ = {isa = PBXFileReference; lastKnownFileType = audio.wav; path = ui_feedback.wav; sourceTree = "<group>"; };
		F7ADBF1A1A973B0F003BAAF2 /* AVFoundation.framework */ = {isa = PBXFileReference; lastKnownFileType = wrapper.framework; name = AVFoundation.framework; path = System/Library/Frameworks/AVFoundation.framework; sourceTree = SDKROOT; };
		F7C3F97A1B3CC44A00CCE5C8 /* PrefixHeader.pch */ = {isa = PBXFileReference; lastKnownFileType = sourcecode.c.h; path = PrefixHeader.pch; sourceTree = "<group>"; };
		F7C3F97C1B3F3D3700CCE5C8 /* UIColor+GameColorPalette.h */ = {isa = PBXFileReference; fileEncoding = 4; lastKnownFileType = sourcecode.c.h; path = "UIColor+GameColorPalette.h"; sourceTree = "<group>"; };
		F7C3F97D1B3F3D3700CCE5C8 /* UIColor+GameColorPalette.m */ = {isa = PBXFileReference; fileEncoding = 4; lastKnownFileType = sourcecode.c.objc; path = "UIColor+GameColorPalette.m"; sourceTree = "<group>"; };
		F7C3F97F1B3F43F400CCE5C8 /* UIColor+ColorFromHexString.h */ = {isa = PBXFileReference; fileEncoding = 4; lastKnownFileType = sourcecode.c.h; path = "UIColor+ColorFromHexString.h"; sourceTree = "<group>"; };
		F7C3F9801B3F43F400CCE5C8 /* UIColor+ColorFromHexString.m */ = {isa = PBXFileReference; fileEncoding = 4; lastKnownFileType = sourcecode.c.objc; path = "UIColor+ColorFromHexString.m"; sourceTree = "<group>"; };
		F7C3F9841B3F446900CCE5C8 /* JapaneseMinesweeper.xcdatamodel */ = {isa = PBXFileReference; lastKnownFileType = wrapper.xcdatamodel; path = JapaneseMinesweeper.xcdatamodel; sourceTree = "<group>"; };
		F7C3F9851B3F446900CCE5C8 /* JMSDataManagerBase.h */ = {isa = PBXFileReference; fileEncoding = 4; lastKnownFileType = sourcecode.c.h; path = JMSDataManagerBase.h; sourceTree = "<group>"; };
		F7C3F9861B3F446900CCE5C8 /* JMSDataManagerBase.m */ = {isa = PBXFileReference; fileEncoding = 4; lastKnownFileType = sourcecode.c.objc; path = JMSDataManagerBase.m; sourceTree = "<group>"; };
		F7C3F9871B3F446900CCE5C8 /* JMSGameSession.h */ = {isa = PBXFileReference; fileEncoding = 4; lastKnownFileType = sourcecode.c.h; path = JMSGameSession.h; sourceTree = "<group>"; };
		F7C3F9881B3F446900CCE5C8 /* JMSGameSession.m */ = {isa = PBXFileReference; fileEncoding = 4; lastKnownFileType = sourcecode.c.objc; path = JMSGameSession.m; sourceTree = "<group>"; };
		F7C3F9891B3F446900CCE5C8 /* JMSLeaderboardManager.h */ = {isa = PBXFileReference; fileEncoding = 4; lastKnownFileType = sourcecode.c.h; path = JMSLeaderboardManager.h; sourceTree = "<group>"; };
		F7C3F98A1B3F446900CCE5C8 /* JMSLeaderboardManager.m */ = {isa = PBXFileReference; fileEncoding = 4; lastKnownFileType = sourcecode.c.objc; path = JMSLeaderboardManager.m; sourceTree = "<group>"; };
		F7C3F9911B3F458700CCE5C8 /* JMSAboutViewController.h */ = {isa = PBXFileReference; fileEncoding = 4; lastKnownFileType = sourcecode.c.h; path = JMSAboutViewController.h; sourceTree = "<group>"; };
		F7C3F9921B3F458700CCE5C8 /* JMSAboutViewController.m */ = {isa = PBXFileReference; fileEncoding = 4; lastKnownFileType = sourcecode.c.objc; path = JMSAboutViewController.m; sourceTree = "<group>"; };
		F7C3F9931B3F458700CCE5C8 /* JMSAboutViewController.xib */ = {isa = PBXFileReference; fileEncoding = 4; lastKnownFileType = file.xib; path = JMSAboutViewController.xib; sourceTree = "<group>"; };
		F7C3F9941B3F458700CCE5C8 /* JMSPopoverPresentationController.h */ = {isa = PBXFileReference; fileEncoding = 4; lastKnownFileType = sourcecode.c.h; path = JMSPopoverPresentationController.h; sourceTree = "<group>"; };
		F7C3F9951B3F458700CCE5C8 /* JMSPopoverPresentationController.m */ = {isa = PBXFileReference; fileEncoding = 4; lastKnownFileType = sourcecode.c.objc; path = JMSPopoverPresentationController.m; sourceTree = "<group>"; };
		F7C3F9991B3F45E700CCE5C8 /* JMSGameBoardViewController.h */ = {isa = PBXFileReference; fileEncoding = 4; lastKnownFileType = sourcecode.c.h; path = JMSGameBoardViewController.h; sourceTree = "<group>"; };
		F7C3F99A1B3F45E700CCE5C8 /* JMSGameBoardViewController.m */ = {isa = PBXFileReference; fileEncoding = 4; lastKnownFileType = sourcecode.c.objc; path = JMSGameBoardViewController.m; sourceTree = "<group>"; };
		F7C3F99B1B3F45E700CCE5C8 /* JMSLeaderboardTableViewController.h */ = {isa = PBXFileReference; fileEncoding = 4; lastKnownFileType = sourcecode.c.h; path = JMSLeaderboardTableViewController.h; sourceTree = "<group>"; };
		F7C3F99C1B3F45E700CCE5C8 /* JMSLeaderboardTableViewController.m */ = {isa = PBXFileReference; fileEncoding = 4; lastKnownFileType = sourcecode.c.objc; path = JMSLeaderboardTableViewController.m; sourceTree = "<group>"; };
		F7C3F99D1B3F45E700CCE5C8 /* JMSMainViewController.h */ = {isa = PBXFileReference; fileEncoding = 4; lastKnownFileType = sourcecode.c.h; path = JMSMainViewController.h; sourceTree = "<group>"; };
		F7C3F99E1B3F45E700CCE5C8 /* JMSMainViewController.m */ = {isa = PBXFileReference; fileEncoding = 4; lastKnownFileType = sourcecode.c.objc; path = JMSMainViewController.m; sourceTree = "<group>"; };
		F7C3F99F1B3F45E700CCE5C8 /* JMSOptionsViewController.h */ = {isa = PBXFileReference; fileEncoding = 4; lastKnownFileType = sourcecode.c.h; path = JMSOptionsViewController.h; sourceTree = "<group>"; };
		F7C3F9A01B3F45E700CCE5C8 /* JMSOptionsViewController.m */ = {isa = PBXFileReference; fileEncoding = 4; lastKnownFileType = sourcecode.c.objc; path = JMSOptionsViewController.m; sourceTree = "<group>"; };
		F7C3F9A71B3F472700CCE5C8 /* JMSMineGridCell.h */ = {isa = PBXFileReference; fileEncoding = 4; lastKnownFileType = sourcecode.c.h; path = JMSMineGridCell.h; sourceTree = "<group>"; };
		F7C3F9A81B3F472700CCE5C8 /* JMSMineGridCell.m */ = {isa = PBXFileReference; fileEncoding = 4; lastKnownFileType = sourcecode.c.objc; path = JMSMineGridCell.m; sourceTree = "<group>"; };
		F7C3F9A91B3F472700CCE5C8 /* JMSScoreTableViewCell.h */ = {isa = PBXFileReference; fileEncoding = 4; lastKnownFileType = sourcecode.c.h; path = JMSScoreTableViewCell.h; sourceTree = "<group>"; };
		F7C3F9AA1B3F472700CCE5C8 /* JMSScoreTableViewCell.m */ = {isa = PBXFileReference; fileEncoding = 4; lastKnownFileType = sourcecode.c.objc; path = JMSScoreTableViewCell.m; sourceTree = "<group>"; };
		F7C3F9AB1B3F472700CCE5C8 /* JMSGradientButton.h */ = {isa = PBXFileReference; fileEncoding = 4; lastKnownFileType = sourcecode.c.h; path = JMSGradientButton.h; sourceTree = "<group>"; };
		F7C3F9AC1B3F472700CCE5C8 /* JMSGradientButton.m */ = {isa = PBXFileReference; fileEncoding = 4; lastKnownFileType = sourcecode.c.objc; path = JMSGradientButton.m; sourceTree = "<group>"; };
		F7C3F9AD1B3F472700CCE5C8 /* JMSGradientSpeedmeterView.h */ = {isa = PBXFileReference; fileEncoding = 4; lastKnownFileType = sourcecode.c.h; path = JMSGradientSpeedmeterView.h; sourceTree = "<group>"; };
		F7C3F9AE1B3F472700CCE5C8 /* JMSGradientSpeedmeterView.m */ = {isa = PBXFileReference; fileEncoding = 4; lastKnownFileType = sourcecode.c.objc; path = JMSGradientSpeedmeterView.m; sourceTree = "<group>"; };
		F7C3F9AF1B3F472700CCE5C8 /* JMSGradientView.h */ = {isa = PBXFileReference; fileEncoding = 4; lastKnownFileType = sourcecode.c.h; path = JMSGradientView.h; sourceTree = "<group>"; };
		F7C3F9B01B3F472700CCE5C8 /* JMSGradientView.m */ = {isa = PBXFileReference; fileEncoding = 4; lastKnownFileType = sourcecode.c.objc; path = JMSGradientView.m; sourceTree = "<group>"; };
		F7C3F9B11B3F472700CCE5C8 /* JMSMessageBoxView.h */ = {isa = PBXFileReference; fileEncoding = 4; lastKnownFileType = sourcecode.c.h; path = JMSMessageBoxView.h; sourceTree = "<group>"; };
		F7C3F9B21B3F472700CCE5C8 /* JMSMessageBoxView.m */ = {isa = PBXFileReference; fileEncoding = 4; lastKnownFileType = sourcecode.c.objc; path = JMSMessageBoxView.m; sourceTree = "<group>"; };
		F7C3F9B31B3F472700CCE5C8 /* JMSMineGridView.h */ = {isa = PBXFileReference; fileEncoding = 4; lastKnownFileType = sourcecode.c.h; path = JMSMineGridView.h; sourceTree = "<group>"; };
		F7C3F9B41B3F472700CCE5C8 /* JMSMineGridView.m */ = {isa = PBXFileReference; fileEncoding = 4; lastKnownFileType = sourcecode.c.objc; path = JMSMineGridView.m; sourceTree = "<group>"; };
		F7C3F9C11B3F4FA400CCE5C8 /* JMSMineView.h */ = {isa = PBXFileReference; fileEncoding = 4; lastKnownFileType = sourcecode.c.h; path = JMSMineView.h; sourceTree = "<group>"; };
		F7C3F9C21B3F4FA400CCE5C8 /* JMSMineView.m */ = {isa = PBXFileReference; fileEncoding = 4; lastKnownFileType = sourcecode.c.objc; path = JMSMineView.m; sourceTree = "<group>"; };
		F7DB5AB21D002184006EC511 /* JMSMainView.h */ = {isa = PBXFileReference; fileEncoding = 4; lastKnownFileType = sourcecode.c.h; path = JMSMainView.h; sourceTree = "<group>"; };
		F7DB5AB31D002184006EC511 /* JMSMainView.m */ = {isa = PBXFileReference; fileEncoding = 4; lastKnownFileType = sourcecode.c.objc; path = JMSMainView.m; sourceTree = "<group>"; };
		F7DB5AB51D033540006EC511 /* JMSAboutView.h */ = {isa = PBXFileReference; fileEncoding = 4; lastKnownFileType = sourcecode.c.h; path = JMSAboutView.h; sourceTree = "<group>"; };
		F7DB5AB61D033540006EC511 /* JMSAboutView.m */ = {isa = PBXFileReference; fileEncoding = 4; lastKnownFileType = sourcecode.c.objc; path = JMSAboutView.m; sourceTree = "<group>"; };
		F7DB5AB81D038D02006EC511 /* JMSOptionsView.h */ = {isa = PBXFileReference; fileEncoding = 4; lastKnownFileType = sourcecode.c.h; path = JMSOptionsView.h; sourceTree = "<group>"; };
		F7DB5AB91D038D02006EC511 /* JMSOptionsView.m */ = {isa = PBXFileReference; fileEncoding = 4; lastKnownFileType = sourcecode.c.objc; path = JMSOptionsView.m; sourceTree = "<group>"; };
		F7F922EF1ABE115200407855 /* JMSTutorialManager.h */ = {isa = PBXFileReference; fileEncoding = 4; lastKnownFileType = sourcecode.c.h; path = JMSTutorialManager.h; sourceTree = "<group>"; };
		F7F922F01ABE115200407855 /* JMSTutorialManager.m */ = {isa = PBXFileReference; fileEncoding = 4; lastKnownFileType = sourcecode.c.objc; path = JMSTutorialManager.m; sourceTree = "<group>"; };
		FD98C96819DEFCD00035125E /* Enums.h */ = {isa = PBXFileReference; lastKnownFileType = sourcecode.c.h; path = Enums.h; sourceTree = "<group>"; };
		FD98C96919DEFD490035125E /* Structs.h */ = {isa = PBXFileReference; lastKnownFileType = sourcecode.c.h; path = Structs.h; sourceTree = "<group>"; };
		FDE6126F1AC45FF000122F3E /* JMSTutorialTask.h */ = {isa = PBXFileReference; fileEncoding = 4; lastKnownFileType = sourcecode.c.h; path = JMSTutorialTask.h; sourceTree = "<group>"; };
		FDE612701AC45FF000122F3E /* JMSTutorialTask.m */ = {isa = PBXFileReference; fileEncoding = 4; lastKnownFileType = sourcecode.c.objc; path = JMSTutorialTask.m; sourceTree = "<group>"; };
/* End PBXFileReference section */

/* Begin PBXFrameworksBuildPhase section */
		F73BD85C19C395EF00CD51B9 /* Frameworks */ = {
			isa = PBXFrameworksBuildPhase;
			buildActionMask = 2147483647;
			files = (
				F7ADBF1B1A973B0F003BAAF2 /* AVFoundation.framework in Frameworks */,
				F73B16911A44AE0E0085A18A /* QuartzCore.framework in Frameworks */,
				F707112019E0C7A700D3BBD2 /* GameKit.framework in Frameworks */,
			);
			runOnlyForDeploymentPostprocessing = 0;
		};
		F73BD87819C395F000CD51B9 /* Frameworks */ = {
			isa = PBXFrameworksBuildPhase;
			buildActionMask = 2147483647;
			files = (
			);
			runOnlyForDeploymentPostprocessing = 0;
		};
/* End PBXFrameworksBuildPhase section */

/* Begin PBXGroup section */
		F707112419E1F1E400D3BBD2 /* Extensions */ = {
			isa = PBXGroup;
			children = (
				F787EF9F1CF127050063E649 /* JMSMessageBoxView+LevelCompleted.h */,
				F787EFA01CF127050063E649 /* JMSMessageBoxView+LevelCompleted.m */,
			);
			name = Extensions;
			sourceTree = "<group>";
		};
		F73BD85619C395EF00CD51B9 = {
			isa = PBXGroup;
			children = (
				F7ADBF1A1A973B0F003BAAF2 /* AVFoundation.framework */,
				F73B16901A44AE0E0085A18A /* QuartzCore.framework */,
				F707111F19E0C7A700D3BBD2 /* GameKit.framework */,
				F73BD86119C395EF00CD51B9 /* JapaneseMinesweeper */,
				F73BD87E19C395F000CD51B9 /* JapaneseMinesweeperTests */,
				F73BD86019C395EF00CD51B9 /* Products */,
			);
			sourceTree = "<group>";
		};
		F73BD86019C395EF00CD51B9 /* Products */ = {
			isa = PBXGroup;
			children = (
				F73BD85F19C395EF00CD51B9 /* JapaneseMinesweeper.app */,
				F73BD87B19C395F000CD51B9 /* JapaneseMinesweeperTests.xctest */,
			);
			name = Products;
			sourceTree = "<group>";
		};
		F73BD86119C395EF00CD51B9 /* JapaneseMinesweeper */ = {
			isa = PBXGroup;
			children = (
				F787EF9A1CEE75190063E649 /* Protocols */,
				F7C3F9A51B3F472700CCE5C8 /* Controls */,
				F7C3F9901B3F458700CCE5C8 /* Controllers */,
				F7C3F9821B3F446900CCE5C8 /* DAL */,
				F7C3F97B1B3F3D1300CCE5C8 /* Extensions */,
				F7F922EE1ABE111A00407855 /* Managers */,
				F7ABEFAB1A9922210069FDA2 /* Models */,
				F7ADBF101A973977003BAAF2 /* Sounds */,
				F7ADBEE71A913EA5003BAAF2 /* Helpers */,
				F7ADBED61A8FE995003BAAF2 /* Classes */,
				F707112419E1F1E400D3BBD2 /* Extensions */,
				F73BD86619C395EF00CD51B9 /* JMSAppDelegate.h */,
				F73BD86719C395F000CD51B9 /* JMSAppDelegate.m */,
				F73BD86F19C395F000CD51B9 /* Main.storyboard */,
				F73BD87219C395F000CD51B9 /* Images.xcassets */,
				F73BD86219C395EF00CD51B9 /* Supporting Files */,
				FD98C96819DEFCD00035125E /* Enums.h */,
				FD98C96919DEFD490035125E /* Structs.h */,
				F77574901B3A1BDD00160A53 /* Settings.plist */,
				F778C1AE1D05BA0B00A86F84 /* Localizable.strings */,
			);
			path = JapaneseMinesweeper;
			sourceTree = "<group>";
		};
		F73BD86219C395EF00CD51B9 /* Supporting Files */ = {
			isa = PBXGroup;
			children = (
				F73BD86319C395EF00CD51B9 /* Info.plist */,
				F73BD86419C395EF00CD51B9 /* main.m */,
				F7C3F97A1B3CC44A00CCE5C8 /* PrefixHeader.pch */,
			);
			name = "Supporting Files";
			sourceTree = "<group>";
		};
		F73BD87E19C395F000CD51B9 /* JapaneseMinesweeperTests */ = {
			isa = PBXGroup;
			children = (
				F73BD88119C395F000CD51B9 /* JapaneseMinesweeperTests.m */,
				F73BD87F19C395F000CD51B9 /* Supporting Files */,
			);
			path = JapaneseMinesweeperTests;
			sourceTree = "<group>";
		};
		F73BD87F19C395F000CD51B9 /* Supporting Files */ = {
			isa = PBXGroup;
			children = (
				F73BD88019C395F000CD51B9 /* Info.plist */,
			);
			name = "Supporting Files";
			sourceTree = "<group>";
		};
		F787EF9A1CEE75190063E649 /* Protocols */ = {
			isa = PBXGroup;
			children = (
				F787EF9B1CEE78E60063E649 /* AlteredCellObserver.h */,
			);
			path = Protocols;
			sourceTree = "<group>";
		};
		F7ABEFAB1A9922210069FDA2 /* Models */ = {
			isa = PBXGroup;
			children = (
			);
			path = Models;
			sourceTree = "<group>";
		};
		F7ADBED61A8FE995003BAAF2 /* Classes */ = {
			isa = PBXGroup;
			children = (
				F7ADBED71A8FE9A4003BAAF2 /* JMSMineGridCellInfo.h */,
				F7ADBED81A8FE9A4003BAAF2 /* JMSMineGridCellInfo.m */,
				F7ADBEDA1A8FF53B003BAAF2 /* JMSGameModel.h */,
				F7ADBEDB1A8FF53B003BAAF2 /* JMSGameModel.m */,
				FDE6126F1AC45FF000122F3E /* JMSTutorialTask.h */,
				FDE612701AC45FF000122F3E /* JMSTutorialTask.m */,
				F787EF9C1CEE89580063E649 /* JMSAlteredCellInfo.h */,
				F787EF9D1CEE89580063E649 /* JMSAlteredCellInfo.m */,
			);
			path = Classes;
			sourceTree = "<group>";
		};
		F7ADBEE71A913EA5003BAAF2 /* Helpers */ = {
			isa = PBXGroup;
			children = (
				F7ADBEE81A913EC5003BAAF2 /* JMSGameKitHelper.h */,
				F7ADBEE91A913EC5003BAAF2 /* JMSGameKitHelper.m */,
				F7ABEFB61A9AA49F0069FDA2 /* JMSSoundHelper.h */,
				F7ABEFB71A9AA49F0069FDA2 /* JMSSoundHelper.m */,
				F775748D1B3A174E00160A53 /* JMSKeyValueSettingsHelper.h */,
				F775748E1B3A174E00160A53 /* JMSKeyValueSettingsHelper.m */,
			);
			path = Helpers;
			sourceTree = "<group>";
		};
		F7ADBF101A973977003BAAF2 /* Sounds */ = {
			isa = PBXGroup;
			children = (
				F7ABEFB11A9A647B0069FDA2 /* put_flag.wav */,
				F7ADBF111A973977003BAAF2 /* game_over.wav */,
				F7ADBF121A973977003BAAF2 /* level_completed.wav */,
				F7ADBF131A973977003BAAF2 /* ui_feedback.wav */,
			);
			path = Sounds;
			sourceTree = "<group>";
		};
		F7C3F97B1B3F3D1300CCE5C8 /* Extensions */ = {
			isa = PBXGroup;
			children = (
				F7C3F97F1B3F43F400CCE5C8 /* UIColor+ColorFromHexString.h */,
				F7C3F9801B3F43F400CCE5C8 /* UIColor+ColorFromHexString.m */,
				F7C3F97C1B3F3D3700CCE5C8 /* UIColor+GameColorPalette.h */,
				F7C3F97D1B3F3D3700CCE5C8 /* UIColor+GameColorPalette.m */,
			);
			path = Extensions;
			sourceTree = "<group>";
		};
		F7C3F9821B3F446900CCE5C8 /* DAL */ = {
			isa = PBXGroup;
			children = (
				F7C3F9831B3F446900CCE5C8 /* JapaneseMinesweeper.xcdatamodeld */,
				F7C3F9851B3F446900CCE5C8 /* JMSDataManagerBase.h */,
				F7C3F9861B3F446900CCE5C8 /* JMSDataManagerBase.m */,
				F7C3F9871B3F446900CCE5C8 /* JMSGameSession.h */,
				F7C3F9881B3F446900CCE5C8 /* JMSGameSession.m */,
				F7C3F9891B3F446900CCE5C8 /* JMSLeaderboardManager.h */,
				F7C3F98A1B3F446900CCE5C8 /* JMSLeaderboardManager.m */,
			);
			path = DAL;
			sourceTree = "<group>";
		};
		F7C3F9901B3F458700CCE5C8 /* Controllers */ = {
			isa = PBXGroup;
			children = (
				F7C3F9991B3F45E700CCE5C8 /* JMSGameBoardViewController.h */,
				F7C3F99A1B3F45E700CCE5C8 /* JMSGameBoardViewController.m */,
				F7C3F99B1B3F45E700CCE5C8 /* JMSLeaderboardTableViewController.h */,
				F7C3F99C1B3F45E700CCE5C8 /* JMSLeaderboardTableViewController.m */,
				F7C3F99D1B3F45E700CCE5C8 /* JMSMainViewController.h */,
				F7C3F99E1B3F45E700CCE5C8 /* JMSMainViewController.m */,
				F7C3F99F1B3F45E700CCE5C8 /* JMSOptionsViewController.h */,
				F7C3F9A01B3F45E700CCE5C8 /* JMSOptionsViewController.m */,
				F7C3F9911B3F458700CCE5C8 /* JMSAboutViewController.h */,
				F7C3F9921B3F458700CCE5C8 /* JMSAboutViewController.m */,
				F7C3F9931B3F458700CCE5C8 /* JMSAboutViewController.xib */,
				F7C3F9941B3F458700CCE5C8 /* JMSPopoverPresentationController.h */,
				F7C3F9951B3F458700CCE5C8 /* JMSPopoverPresentationController.m */,
				F79830171D04868D0025C1F1 /* JMSGameBoardViewController+Tutorial.h */,
				F79830181D04868D0025C1F1 /* JMSGameBoardViewController+Tutorial.m */,
			);
			path = Controllers;
			sourceTree = "<group>";
		};
		F7C3F9A51B3F472700CCE5C8 /* Controls */ = {
			isa = PBXGroup;
			children = (
				F7C3F9C01B3F4FA400CCE5C8 /* Unused */,
				F7C3F9A61B3F472700CCE5C8 /* Cells */,
				F7C3F9AB1B3F472700CCE5C8 /* JMSGradientButton.h */,
				F7C3F9AC1B3F472700CCE5C8 /* JMSGradientButton.m */,
				F7C3F9AD1B3F472700CCE5C8 /* JMSGradientSpeedmeterView.h */,
				F7C3F9AE1B3F472700CCE5C8 /* JMSGradientSpeedmeterView.m */,
				F7C3F9AF1B3F472700CCE5C8 /* JMSGradientView.h */,
				F7C3F9B01B3F472700CCE5C8 /* JMSGradientView.m */,
				F7C3F9B11B3F472700CCE5C8 /* JMSMessageBoxView.h */,
				F7C3F9B21B3F472700CCE5C8 /* JMSMessageBoxView.m */,
				F7C3F9B31B3F472700CCE5C8 /* JMSMineGridView.h */,
				F7C3F9B41B3F472700CCE5C8 /* JMSMineGridView.m */,
				F787EF971CEBDCDB0063E649 /* JMSGameboardView.h */,
				F787EF981CEBDCDB0063E649 /* JMSGameboardView.m */,
				F7DB5AB21D002184006EC511 /* JMSMainView.h */,
				F7DB5AB31D002184006EC511 /* JMSMainView.m */,
				F7DB5AB51D033540006EC511 /* JMSAboutView.h */,
				F7DB5AB61D033540006EC511 /* JMSAboutView.m */,
				F7DB5AB81D038D02006EC511 /* JMSOptionsView.h */,
				F7DB5AB91D038D02006EC511 /* JMSOptionsView.m */,
			);
			path = Controls;
			sourceTree = "<group>";
		};
		F7C3F9A61B3F472700CCE5C8 /* Cells */ = {
			isa = PBXGroup;
			children = (
				F7C3F9A71B3F472700CCE5C8 /* JMSMineGridCell.h */,
				F7C3F9A81B3F472700CCE5C8 /* JMSMineGridCell.m */,
				F7C3F9A91B3F472700CCE5C8 /* JMSScoreTableViewCell.h */,
				F7C3F9AA1B3F472700CCE5C8 /* JMSScoreTableViewCell.m */,
			);
			path = Cells;
			sourceTree = "<group>";
		};
		F7C3F9C01B3F4FA400CCE5C8 /* Unused */ = {
			isa = PBXGroup;
			children = (
				F7C3F9C11B3F4FA400CCE5C8 /* JMSMineView.h */,
				F7C3F9C21B3F4FA400CCE5C8 /* JMSMineView.m */,
			);
			path = Unused;
			sourceTree = "<group>";
		};
		F7F922EE1ABE111A00407855 /* Managers */ = {
			isa = PBXGroup;
			children = (
				F7F922EF1ABE115200407855 /* JMSTutorialManager.h */,
				F7F922F01ABE115200407855 /* JMSTutorialManager.m */,
			);
			path = Managers;
			sourceTree = "<group>";
		};
/* End PBXGroup section */

/* Begin PBXNativeTarget section */
		F73BD85E19C395EF00CD51B9 /* JapaneseMinesweeper */ = {
			isa = PBXNativeTarget;
			buildConfigurationList = F73BD88519C395F000CD51B9 /* Build configuration list for PBXNativeTarget "JapaneseMinesweeper" */;
			buildPhases = (
				F73BD85B19C395EF00CD51B9 /* Sources */,
				F73BD85C19C395EF00CD51B9 /* Frameworks */,
				F73BD85D19C395EF00CD51B9 /* Resources */,
				F7C3F9BF1B3F4D0800CCE5C8 /* ShellScript */,
			);
			buildRules = (
			);
			dependencies = (
			);
			name = JapaneseMinesweeper;
			productName = JapaneseMinesweeper;
			productReference = F73BD85F19C395EF00CD51B9 /* JapaneseMinesweeper.app */;
			productType = "com.apple.product-type.application";
		};
		F73BD87A19C395F000CD51B9 /* JapaneseMinesweeperTests */ = {
			isa = PBXNativeTarget;
			buildConfigurationList = F73BD88819C395F000CD51B9 /* Build configuration list for PBXNativeTarget "JapaneseMinesweeperTests" */;
			buildPhases = (
				F73BD87719C395F000CD51B9 /* Sources */,
				F73BD87819C395F000CD51B9 /* Frameworks */,
				F73BD87919C395F000CD51B9 /* Resources */,
			);
			buildRules = (
			);
			dependencies = (
				F73BD87D19C395F000CD51B9 /* PBXTargetDependency */,
			);
			name = JapaneseMinesweeperTests;
			productName = JapaneseMinesweeperTests;
			productReference = F73BD87B19C395F000CD51B9 /* JapaneseMinesweeperTests.xctest */;
			productType = "com.apple.product-type.bundle.unit-test";
		};
/* End PBXNativeTarget section */

/* Begin PBXProject section */
		F73BD85719C395EF00CD51B9 /* Project object */ = {
			isa = PBXProject;
			attributes = {
				LastUpgradeCheck = 0730;
				ORGANIZATIONNAME = Jakmir;
				TargetAttributes = {
					F73BD85E19C395EF00CD51B9 = {
						CreatedOnToolsVersion = 6.0;
						DevelopmentTeam = SB3RGW3B8Q;
						SystemCapabilities = {
							com.apple.GameCenter = {
								enabled = 1;
							};
						};
					};
					F73BD87A19C395F000CD51B9 = {
						CreatedOnToolsVersion = 6.0;
						DevelopmentTeam = SB3RGW3B8Q;
						TestTargetID = F73BD85E19C395EF00CD51B9;
					};
				};
			};
			buildConfigurationList = F73BD85A19C395EF00CD51B9 /* Build configuration list for PBXProject "JapaneseMinesweeper" */;
			compatibilityVersion = "Xcode 3.2";
			developmentRegion = English;
			hasScannedForEncodings = 0;
			knownRegions = (
				en,
				Base,
			);
			mainGroup = F73BD85619C395EF00CD51B9;
			productRefGroup = F73BD86019C395EF00CD51B9 /* Products */;
			projectDirPath = "";
			projectRoot = "";
			targets = (
				F73BD85E19C395EF00CD51B9 /* JapaneseMinesweeper */,
				F73BD87A19C395F000CD51B9 /* JapaneseMinesweeperTests */,
			);
		};
/* End PBXProject section */

/* Begin PBXResourcesBuildPhase section */
		F73BD85D19C395EF00CD51B9 /* Resources */ = {
			isa = PBXResourcesBuildPhase;
			buildActionMask = 2147483647;
			files = (
				F7ABEFB41A9A647B0069FDA2 /* put_flag.wav in Resources */,
				F77574911B3A1BDD00160A53 /* Settings.plist in Resources */,
				F73BD87119C395F000CD51B9 /* Main.storyboard in Resources */,
				F73BD87319C395F000CD51B9 /* Images.xcassets in Resources */,
				F778C1B01D05BA0B00A86F84 /* Localizable.strings in Resources */,
				F7ADBF141A973977003BAAF2 /* game_over.wav in Resources */,
				F7ADBF161A973977003BAAF2 /* ui_feedback.wav in Resources */,
				F7ADBF151A973977003BAAF2 /* level_completed.wav in Resources */,
				F7C3F9971B3F458700CCE5C8 /* JMSAboutViewController.xib in Resources */,
			);
			runOnlyForDeploymentPostprocessing = 0;
		};
		F73BD87919C395F000CD51B9 /* Resources */ = {
			isa = PBXResourcesBuildPhase;
			buildActionMask = 2147483647;
			files = (
				F7ABEFB51A9A647B0069FDA2 /* put_flag.wav in Resources */,
			);
			runOnlyForDeploymentPostprocessing = 0;
		};
/* End PBXResourcesBuildPhase section */

/* Begin PBXShellScriptBuildPhase section */
		F7C3F9BF1B3F4D0800CCE5C8 /* ShellScript */ = {
			isa = PBXShellScriptBuildPhase;
			buildActionMask = 2147483647;
			files = (
			);
			inputPaths = (
			);
			outputPaths = (
			);
			runOnlyForDeploymentPostprocessing = 0;
			shellPath = /bin/bash;
			shellScript = "#!/bin/bash\nbuildNumber=$(/usr/libexec/PlistBuddy -c \"Print CFBundleVersion\" \"$INFOPLIST_FILE\")\nbuildNumber=$(($buildNumber + 1))\n/usr/libexec/PlistBuddy -c \"Set :CFBundleVersion $buildNumber\" \"$INFOPLIST_FILE\"";
		};
/* End PBXShellScriptBuildPhase section */

/* Begin PBXSourcesBuildPhase section */
		F73BD85B19C395EF00CD51B9 /* Sources */ = {
			isa = PBXSourcesBuildPhase;
			buildActionMask = 2147483647;
			files = (
				F7C3F98E1B3F446900CCE5C8 /* JMSLeaderboardManager.m in Sources */,
				F79830191D04868D0025C1F1 /* JMSGameBoardViewController+Tutorial.m in Sources */,
				F7DB5ABA1D038D02006EC511 /* JMSOptionsView.m in Sources */,
				F787EF991CEBDCDB0063E649 /* JMSGameboardView.m in Sources */,
				F73BD86819C395F000CD51B9 /* JMSAppDelegate.m in Sources */,
				FDE612711AC45FF000122F3E /* JMSTutorialTask.m in Sources */,
				F7C3F9B81B3F472700CCE5C8 /* JMSScoreTableViewCell.m in Sources */,
				F787EF9E1CEE89580063E649 /* JMSAlteredCellInfo.m in Sources */,
				F7ADBEEA1A913EC5003BAAF2 /* JMSGameKitHelper.m in Sources */,
				F7C3F9B91B3F472700CCE5C8 /* JMSGradientButton.m in Sources */,
				F7C3F9A21B3F45E700CCE5C8 /* JMSLeaderboardTableViewController.m in Sources */,
				F7C3F9A11B3F45E700CCE5C8 /* JMSGameBoardViewController.m in Sources */,
				F7C3F9811B3F43F400CCE5C8 /* UIColor+ColorFromHexString.m in Sources */,
				F7C3F98D1B3F446900CCE5C8 /* JMSGameSession.m in Sources */,
				F7C3F9981B3F458700CCE5C8 /* JMSPopoverPresentationController.m in Sources */,
				F7C3F9961B3F458700CCE5C8 /* JMSAboutViewController.m in Sources */,
				F7C3F9BD1B3F472700CCE5C8 /* JMSMineGridView.m in Sources */,
				F7C3F9A31B3F45E700CCE5C8 /* JMSMainViewController.m in Sources */,
				F73BD86519C395EF00CD51B9 /* main.m in Sources */,
				F7C3F9BB1B3F472700CCE5C8 /* JMSGradientView.m in Sources */,
				F7C3F98B1B3F446900CCE5C8 /* JapaneseMinesweeper.xcdatamodeld in Sources */,
				F7DB5AB41D002184006EC511 /* JMSMainView.m in Sources */,
				F775748F1B3A174E00160A53 /* JMSKeyValueSettingsHelper.m in Sources */,
				F7C3F9BA1B3F472700CCE5C8 /* JMSGradientSpeedmeterView.m in Sources */,
				F7F922F11ABE115200407855 /* JMSTutorialManager.m in Sources */,
				F7C3F9A41B3F45E700CCE5C8 /* JMSOptionsViewController.m in Sources */,
				F7DB5AB71D033540006EC511 /* JMSAboutView.m in Sources */,
				F7C3F9BC1B3F472700CCE5C8 /* JMSMessageBoxView.m in Sources */,
				F7ABEFB81A9AA49F0069FDA2 /* JMSSoundHelper.m in Sources */,
				F787EFA11CF127050063E649 /* JMSMessageBoxView+LevelCompleted.m in Sources */,
				F7ADBED91A8FE9A4003BAAF2 /* JMSMineGridCellInfo.m in Sources */,
				F7ADBEDC1A8FF53B003BAAF2 /* JMSGameModel.m in Sources */,
				F7C3F97E1B3F3D3700CCE5C8 /* UIColor+GameColorPalette.m in Sources */,
				F7C3F9B71B3F472700CCE5C8 /* JMSMineGridCell.m in Sources */,
				F7C3F98C1B3F446900CCE5C8 /* JMSDataManagerBase.m in Sources */,
			);
			runOnlyForDeploymentPostprocessing = 0;
		};
		F73BD87719C395F000CD51B9 /* Sources */ = {
			isa = PBXSourcesBuildPhase;
			buildActionMask = 2147483647;
			files = (
				F73BD88219C395F000CD51B9 /* JapaneseMinesweeperTests.m in Sources */,
				F7ABEFB91A9AA49F0069FDA2 /* JMSSoundHelper.m in Sources */,
			);
			runOnlyForDeploymentPostprocessing = 0;
		};
/* End PBXSourcesBuildPhase section */

/* Begin PBXTargetDependency section */
		F73BD87D19C395F000CD51B9 /* PBXTargetDependency */ = {
			isa = PBXTargetDependency;
			target = F73BD85E19C395EF00CD51B9 /* JapaneseMinesweeper */;
			targetProxy = F73BD87C19C395F000CD51B9 /* PBXContainerItemProxy */;
		};
/* End PBXTargetDependency section */

/* Begin PBXVariantGroup section */
		F73BD86F19C395F000CD51B9 /* Main.storyboard */ = {
			isa = PBXVariantGroup;
			children = (
				F73BD87019C395F000CD51B9 /* Base */,
				F798301D1D04F0CA0025C1F1 /* en */,
			);
			name = Main.storyboard;
			sourceTree = "<group>";
		};
		F778C1AE1D05BA0B00A86F84 /* Localizable.strings */ = {
			isa = PBXVariantGroup;
			children = (
				F778C1AF1D05BA0B00A86F84 /* en */,
			);
			name = Localizable.strings;
			sourceTree = "<group>";
		};
/* End PBXVariantGroup section */

/* Begin XCBuildConfiguration section */
		F73BD88319C395F000CD51B9 /* Debug */ = {
			isa = XCBuildConfiguration;
			buildSettings = {
				ALWAYS_SEARCH_USER_PATHS = NO;
				CLANG_CXX_LANGUAGE_STANDARD = "gnu++0x";
				CLANG_CXX_LIBRARY = "libc++";
				CLANG_ENABLE_MODULES = YES;
				CLANG_ENABLE_OBJC_ARC = YES;
				CLANG_WARN_BOOL_CONVERSION = YES;
				CLANG_WARN_CONSTANT_CONVERSION = YES;
				CLANG_WARN_DIRECT_OBJC_ISA_USAGE = YES_ERROR;
				CLANG_WARN_EMPTY_BODY = YES;
				CLANG_WARN_ENUM_CONVERSION = YES;
				CLANG_WARN_INT_CONVERSION = YES;
				CLANG_WARN_OBJC_ROOT_CLASS = YES_ERROR;
				CLANG_WARN_UNREACHABLE_CODE = YES;
				CLANG_WARN__DUPLICATE_METHOD_MATCH = YES;
				"CODE_SIGN_IDENTITY[sdk=iphoneos*]" = "iPhone Distribution: Denys Melnyk (SB3RGW3B8Q)";
				COPY_PHASE_STRIP = NO;
				ENABLE_STRICT_OBJC_MSGSEND = YES;
				ENABLE_TESTABILITY = YES;
				GCC_C_LANGUAGE_STANDARD = gnu99;
				GCC_DYNAMIC_NO_PIC = NO;
				GCC_OPTIMIZATION_LEVEL = 0;
				GCC_PREPROCESSOR_DEFINITIONS = (
					"DEBUG=1",
					"$(inherited)",
				);
				GCC_SYMBOLS_PRIVATE_EXTERN = NO;
				GCC_WARN_64_TO_32_BIT_CONVERSION = YES;
				GCC_WARN_ABOUT_RETURN_TYPE = YES_ERROR;
				GCC_WARN_UNDECLARED_SELECTOR = YES;
				GCC_WARN_UNINITIALIZED_AUTOS = YES_AGGRESSIVE;
				GCC_WARN_UNUSED_FUNCTION = YES;
				GCC_WARN_UNUSED_VARIABLE = YES;
				IPHONEOS_DEPLOYMENT_TARGET = 8.0;
				MTL_ENABLE_DEBUG_INFO = YES;
				ONLY_ACTIVE_ARCH = YES;
				SDKROOT = iphoneos;
				TARGETED_DEVICE_FAMILY = 2;
			};
			name = Debug;
		};
		F73BD88419C395F000CD51B9 /* Release */ = {
			isa = XCBuildConfiguration;
			buildSettings = {
				ALWAYS_SEARCH_USER_PATHS = NO;
				CLANG_CXX_LANGUAGE_STANDARD = "gnu++0x";
				CLANG_CXX_LIBRARY = "libc++";
				CLANG_ENABLE_MODULES = YES;
				CLANG_ENABLE_OBJC_ARC = YES;
				CLANG_WARN_BOOL_CONVERSION = YES;
				CLANG_WARN_CONSTANT_CONVERSION = YES;
				CLANG_WARN_DIRECT_OBJC_ISA_USAGE = YES_ERROR;
				CLANG_WARN_EMPTY_BODY = YES;
				CLANG_WARN_ENUM_CONVERSION = YES;
				CLANG_WARN_INT_CONVERSION = YES;
				CLANG_WARN_OBJC_ROOT_CLASS = YES_ERROR;
				CLANG_WARN_UNREACHABLE_CODE = YES;
				CLANG_WARN__DUPLICATE_METHOD_MATCH = YES;
				"CODE_SIGN_IDENTITY[sdk=iphoneos*]" = "iPhone Distribution: Denys Melnyk (SB3RGW3B8Q)";
				COPY_PHASE_STRIP = YES;
				ENABLE_NS_ASSERTIONS = NO;
				ENABLE_STRICT_OBJC_MSGSEND = YES;
				GCC_C_LANGUAGE_STANDARD = gnu99;
				GCC_WARN_64_TO_32_BIT_CONVERSION = YES;
				GCC_WARN_ABOUT_RETURN_TYPE = YES_ERROR;
				GCC_WARN_UNDECLARED_SELECTOR = YES;
				GCC_WARN_UNINITIALIZED_AUTOS = YES_AGGRESSIVE;
				GCC_WARN_UNUSED_FUNCTION = YES;
				GCC_WARN_UNUSED_VARIABLE = YES;
				IPHONEOS_DEPLOYMENT_TARGET = 8.0;
				MTL_ENABLE_DEBUG_INFO = NO;
				SDKROOT = iphoneos;
				TARGETED_DEVICE_FAMILY = 2;
				VALIDATE_PRODUCT = YES;
			};
			name = Release;
		};
		F73BD88619C395F000CD51B9 /* Debug */ = {
			isa = XCBuildConfiguration;
			buildSettings = {
				ASSETCATALOG_COMPILER_APPICON_NAME = AppIcon;
				CODE_SIGN_IDENTITY = "iPhone Developer: Denys Melnyk (W8Y9LTK8UT)";
				"CODE_SIGN_IDENTITY[sdk=iphoneos*]" = "iPhone Developer: Denys Melnyk (W8Y9LTK8UT)";
				GCC_PRECOMPILE_PREFIX_HEADER = YES;
				GCC_PREFIX_HEADER = "$(SRCROOT)/JapaneseMinesweeper/PrefixHeader.pch";
				INFOPLIST_FILE = JapaneseMinesweeper/Info.plist;
				IPHONEOS_DEPLOYMENT_TARGET = 8.0;
				LD_RUNPATH_SEARCH_PATHS = "$(inherited) @executable_path/Frameworks";
				PRODUCT_BUNDLE_IDENTIFIER = "Jakmir.$(PRODUCT_NAME:rfc1034identifier)";
				PRODUCT_NAME = "$(TARGET_NAME)";
				PROVISIONING_PROFILE = "";
				TARGETED_DEVICE_FAMILY = 2;
			};
			name = Debug;
		};
		F73BD88719C395F000CD51B9 /* Release */ = {
			isa = XCBuildConfiguration;
			buildSettings = {
				ASSETCATALOG_COMPILER_APPICON_NAME = AppIcon;
				CODE_SIGN_IDENTITY = "iPhone Developer: Denys Melnyk (W8Y9LTK8UT)";
				"CODE_SIGN_IDENTITY[sdk=iphoneos*]" = "iPhone Developer: Denys Melnyk (W8Y9LTK8UT)";
				GCC_PRECOMPILE_PREFIX_HEADER = YES;
				GCC_PREFIX_HEADER = "$(SRCROOT)/JapaneseMinesweeper/PrefixHeader.pch";
				INFOPLIST_FILE = JapaneseMinesweeper/Info.plist;
				IPHONEOS_DEPLOYMENT_TARGET = 8.0;
				LD_RUNPATH_SEARCH_PATHS = "$(inherited) @executable_path/Frameworks";
				PRODUCT_BUNDLE_IDENTIFIER = "Jakmir.$(PRODUCT_NAME:rfc1034identifier)";
				PRODUCT_NAME = "$(TARGET_NAME)";
				PROVISIONING_PROFILE = "";
				TARGETED_DEVICE_FAMILY = 2;
			};
			name = Release;
		};
		F73BD88919C395F000CD51B9 /* Debug */ = {
			isa = XCBuildConfiguration;
			buildSettings = {
				BUNDLE_LOADER = "$(TEST_HOST)";
				CODE_SIGN_IDENTITY = "iPhone Developer";
				"CODE_SIGN_IDENTITY[sdk=iphoneos*]" = "iPhone Developer";
				FRAMEWORK_SEARCH_PATHS = (
					"$(SDKROOT)/Developer/Library/Frameworks",
					"$(inherited)",
				);
				GCC_PREPROCESSOR_DEFINITIONS = (
					"DEBUG=1",
					"$(inherited)",
				);
				INFOPLIST_FILE = JapaneseMinesweeperTests/Info.plist;
				LD_RUNPATH_SEARCH_PATHS = "$(inherited) @executable_path/Frameworks @loader_path/Frameworks";
				PRODUCT_BUNDLE_IDENTIFIER = "Jakmir.$(PRODUCT_NAME:rfc1034identifier)";
				PRODUCT_NAME = "$(TARGET_NAME)";
				PROVISIONING_PROFILE = "";
				TEST_HOST = "$(BUILT_PRODUCTS_DIR)/JapaneseMinesweeper.app/JapaneseMinesweeper";
			};
			name = Debug;
		};
		F73BD88A19C395F000CD51B9 /* Release */ = {
			isa = XCBuildConfiguration;
			buildSettings = {
				BUNDLE_LOADER = "$(TEST_HOST)";
				CODE_SIGN_IDENTITY = "iPhone Developer";
				"CODE_SIGN_IDENTITY[sdk=iphoneos*]" = "iPhone Developer";
				FRAMEWORK_SEARCH_PATHS = (
					"$(SDKROOT)/Developer/Library/Frameworks",
					"$(inherited)",
				);
				INFOPLIST_FILE = JapaneseMinesweeperTests/Info.plist;
				LD_RUNPATH_SEARCH_PATHS = "$(inherited) @executable_path/Frameworks @loader_path/Frameworks";
				PRODUCT_BUNDLE_IDENTIFIER = "Jakmir.$(PRODUCT_NAME:rfc1034identifier)";
				PRODUCT_NAME = "$(TARGET_NAME)";
				PROVISIONING_PROFILE = "";
				TEST_HOST = "$(BUILT_PRODUCTS_DIR)/JapaneseMinesweeper.app/JapaneseMinesweeper";
			};
			name = Release;
		};
/* End XCBuildConfiguration section */

/* Begin XCConfigurationList section */
		F73BD85A19C395EF00CD51B9 /* Build configuration list for PBXProject "JapaneseMinesweeper" */ = {
			isa = XCConfigurationList;
			buildConfigurations = (
				F73BD88319C395F000CD51B9 /* Debug */,
				F73BD88419C395F000CD51B9 /* Release */,
			);
			defaultConfigurationIsVisible = 0;
			defaultConfigurationName = Release;
		};
		F73BD88519C395F000CD51B9 /* Build configuration list for PBXNativeTarget "JapaneseMinesweeper" */ = {
			isa = XCConfigurationList;
			buildConfigurations = (
				F73BD88619C395F000CD51B9 /* Debug */,
				F73BD88719C395F000CD51B9 /* Release */,
			);
			defaultConfigurationIsVisible = 0;
			defaultConfigurationName = Release;
		};
		F73BD88819C395F000CD51B9 /* Build configuration list for PBXNativeTarget "JapaneseMinesweeperTests" */ = {
			isa = XCConfigurationList;
			buildConfigurations = (
				F73BD88919C395F000CD51B9 /* Debug */,
				F73BD88A19C395F000CD51B9 /* Release */,
			);
			defaultConfigurationIsVisible = 0;
			defaultConfigurationName = Release;
		};
/* End XCConfigurationList section */

/* Begin XCVersionGroup section */
		F7C3F9831B3F446900CCE5C8 /* JapaneseMinesweeper.xcdatamodeld */ = {
			isa = XCVersionGroup;
			children = (
				F7C3F9841B3F446900CCE5C8 /* JapaneseMinesweeper.xcdatamodel */,
			);
			currentVersion = F7C3F9841B3F446900CCE5C8 /* JapaneseMinesweeper.xcdatamodel */;
			path = JapaneseMinesweeper.xcdatamodeld;
			sourceTree = "<group>";
			versionGroupType = wrapper.xcdatamodel;
		};
/* End XCVersionGroup section */
	};
	rootObject = F73BD85719C395EF00CD51B9 /* Project object */;
}
