// !$*UTF8*$!
{
	archiveVersion = 1;
	classes = {
	};
	objectVersion = 46;
	objects = {

/* Begin PBXBuildFile section */
		92597C52221B2FCF001924ED /* JMSGameModel.m in Sources */ = {isa = PBXBuildFile; fileRef = F75010281D078BC400EC511C /* JMSGameModel.m */; };
		9289064D2297497600B52773 /* JMSGameModel+Tutorial.m in Sources */ = {isa = PBXBuildFile; fileRef = 9289064C2297497600B52773 /* JMSGameModel+Tutorial.m */; };
		92CB28AD229B53C0009F5F9A /* JMSMapModel.m in Sources */ = {isa = PBXBuildFile; fileRef = 92CB28AC229B53C0009F5F9A /* JMSMapModel.m */; };
		C768A6EC229C997800727084 /* JMSGameSession.m in Sources */ = {isa = PBXBuildFile; fileRef = C768A6EB229C997800727084 /* JMSGameSession.m */; };
		C768A6EF229C99AB00727084 /* JMSGameSessionModel.m in Sources */ = {isa = PBXBuildFile; fileRef = C768A6EE229C99AB00727084 /* JMSGameSessionModel.m */; };
		C768A6F2229C9DDC00727084 /* JMSLeaderboardView.m in Sources */ = {isa = PBXBuildFile; fileRef = C768A6F1229C9DDC00727084 /* JMSLeaderboardView.m */; };
		F707112019E0C7A700D3BBD2 /* GameKit.framework in Frameworks */ = {isa = PBXBuildFile; fileRef = F707111F19E0C7A700D3BBD2 /* GameKit.framework */; };
		F73B16911A44AE0E0085A18A /* QuartzCore.framework in Frameworks */ = {isa = PBXBuildFile; fileRef = F73B16901A44AE0E0085A18A /* QuartzCore.framework */; };
		F73BD86519C395EF00CD51B9 /* main.m in Sources */ = {isa = PBXBuildFile; fileRef = F73BD86419C395EF00CD51B9 /* main.m */; };
		F73BD87119C395F000CD51B9 /* Main.storyboard in Resources */ = {isa = PBXBuildFile; fileRef = F73BD86F19C395F000CD51B9 /* Main.storyboard */; };
		F73BD87319C395F000CD51B9 /* Images.xcassets in Resources */ = {isa = PBXBuildFile; fileRef = F73BD87219C395F000CD51B9 /* Images.xcassets */; };
		F73BD88219C395F000CD51B9 /* JapaneseMinesweeperTests.m in Sources */ = {isa = PBXBuildFile; fileRef = F73BD88119C395F000CD51B9 /* JapaneseMinesweeperTests.m */; };
		F75010141D078B0100EC511C /* JMSAboutView.m in Sources */ = {isa = PBXBuildFile; fileRef = F75010041D078B0100EC511C /* JMSAboutView.m */; };
		F75010151D078B0100EC511C /* JMSAboutViewController.m in Sources */ = {isa = PBXBuildFile; fileRef = F75010061D078B0100EC511C /* JMSAboutViewController.m */; };
		F75010161D078B0100EC511C /* JMSAboutViewController.xib in Resources */ = {isa = PBXBuildFile; fileRef = F75010071D078B0100EC511C /* JMSAboutViewController.xib */; };
		F75010171D078B0100EC511C /* JMSGameboardView.m in Sources */ = {isa = PBXBuildFile; fileRef = F750100A1D078B0100EC511C /* JMSGameboardView.m */; };
		F75010181D078B0100EC511C /* JMSGameBoardViewController.m in Sources */ = {isa = PBXBuildFile; fileRef = F750100C1D078B0100EC511C /* JMSGameBoardViewController.m */; };
		F750101A1D078B0100EC511C /* JMSLeaderboardViewController.m in Sources */ = {isa = PBXBuildFile; fileRef = F75010111D078B0100EC511C /* JMSLeaderboardViewController.m */; };
		F750101F1D078B9900EC511C /* JMSOptionsView.m in Sources */ = {isa = PBXBuildFile; fileRef = F750101C1D078B9900EC511C /* JMSOptionsView.m */; };
		F75010201D078B9900EC511C /* JMSOptionsViewController.m in Sources */ = {isa = PBXBuildFile; fileRef = F750101E1D078B9900EC511C /* JMSOptionsViewController.m */; };
		F75010251D078BA200EC511C /* JMSMainView.m in Sources */ = {isa = PBXBuildFile; fileRef = F75010221D078BA200EC511C /* JMSMainView.m */; };
		F75010261D078BA200EC511C /* JMSMainViewController.m in Sources */ = {isa = PBXBuildFile; fileRef = F75010241D078BA200EC511C /* JMSMainViewController.m */; };
		F75010291D078BC400EC511C /* JMSGameModel.m in Sources */ = {isa = PBXBuildFile; fileRef = F75010281D078BC400EC511C /* JMSGameModel.m */; };
		F75010461D078C5600EC511C /* JMSGameBoardViewController+Tutorial.m in Sources */ = {isa = PBXBuildFile; fileRef = F750103F1D078C5600EC511C /* JMSGameBoardViewController+Tutorial.m */; };
		F75010471D078C5600EC511C /* JMSMessageBoxView+LevelCompleted.m in Sources */ = {isa = PBXBuildFile; fileRef = F75010411D078C5600EC511C /* JMSMessageBoxView+LevelCompleted.m */; };
		F75010481D078C5600EC511C /* UIColor+ColorFromHexString.m in Sources */ = {isa = PBXBuildFile; fileRef = F75010431D078C5600EC511C /* UIColor+ColorFromHexString.m */; };
		F75010491D078C5600EC511C /* UIColor+GameColorPalette.m in Sources */ = {isa = PBXBuildFile; fileRef = F75010451D078C5600EC511C /* UIColor+GameColorPalette.m */; };
		F750104D1D078CAF00EC511C /* JMSTutorialManager.m in Sources */ = {isa = PBXBuildFile; fileRef = F750104C1D078CAF00EC511C /* JMSTutorialManager.m */; };
		F75010501D078CEA00EC511C /* JMSTutorialTask.m in Sources */ = {isa = PBXBuildFile; fileRef = F750104F1D078CEA00EC511C /* JMSTutorialTask.m */; };
		F75010561D078CF300EC511C /* JMSAlteredCellInfo.m in Sources */ = {isa = PBXBuildFile; fileRef = F75010531D078CF300EC511C /* JMSAlteredCellInfo.m */; };
		F75010571D078CF300EC511C /* JMSMineGridCellInfo.m in Sources */ = {isa = PBXBuildFile; fileRef = F75010551D078CF300EC511C /* JMSMineGridCellInfo.m */; };
		F750105C1D07965A00EC511C /* JMSAppDelegate.m in Sources */ = {isa = PBXBuildFile; fileRef = F750105B1D07965A00EC511C /* JMSAppDelegate.m */; };
		F775748F1B3A174E00160A53 /* JMSKeyValueSettingsHelper.m in Sources */ = {isa = PBXBuildFile; fileRef = F775748E1B3A174E00160A53 /* JMSKeyValueSettingsHelper.m */; };
		F77574911B3A1BDD00160A53 /* Settings.plist in Resources */ = {isa = PBXBuildFile; fileRef = F77574901B3A1BDD00160A53 /* Settings.plist */; };
		F778C1B01D05BA0B00A86F84 /* Localizable.strings in Resources */ = {isa = PBXBuildFile; fileRef = F778C1AE1D05BA0B00A86F84 /* Localizable.strings */; };
		F78047B11D079E4000BEE2D3 /* game_over.wav in Resources */ = {isa = PBXBuildFile; fileRef = F78047AD1D079E4000BEE2D3 /* game_over.wav */; };
		F78047B21D079E4000BEE2D3 /* level_completed.wav in Resources */ = {isa = PBXBuildFile; fileRef = F78047AE1D079E4000BEE2D3 /* level_completed.wav */; };
		F78047B31D079E4000BEE2D3 /* put_flag.wav in Resources */ = {isa = PBXBuildFile; fileRef = F78047AF1D079E4000BEE2D3 /* put_flag.wav */; };
		F78047B41D079E4000BEE2D3 /* ui_feedback.wav in Resources */ = {isa = PBXBuildFile; fileRef = F78047B01D079E4000BEE2D3 /* ui_feedback.wav */; };
		F7ABEFB81A9AA49F0069FDA2 /* JMSSoundHelper.m in Sources */ = {isa = PBXBuildFile; fileRef = F7ABEFB71A9AA49F0069FDA2 /* JMSSoundHelper.m */; };
		F7ABEFB91A9AA49F0069FDA2 /* JMSSoundHelper.m in Sources */ = {isa = PBXBuildFile; fileRef = F7ABEFB71A9AA49F0069FDA2 /* JMSSoundHelper.m */; };
		F7ADBEEA1A913EC5003BAAF2 /* JMSGameKitHelper.m in Sources */ = {isa = PBXBuildFile; fileRef = F7ADBEE91A913EC5003BAAF2 /* JMSGameKitHelper.m */; };
		F7ADBF1B1A973B0F003BAAF2 /* AVFoundation.framework in Frameworks */ = {isa = PBXBuildFile; fileRef = F7ADBF1A1A973B0F003BAAF2 /* AVFoundation.framework */; };
		F7C3F98B1B3F446900CCE5C8 /* JapaneseMinesweeper.xcdatamodeld in Sources */ = {isa = PBXBuildFile; fileRef = F7C3F9831B3F446900CCE5C8 /* JapaneseMinesweeper.xcdatamodeld */; };
		F7C3F98C1B3F446900CCE5C8 /* JMSDataManagerBase.m in Sources */ = {isa = PBXBuildFile; fileRef = F7C3F9861B3F446900CCE5C8 /* JMSDataManagerBase.m */; };
		F7C3F98E1B3F446900CCE5C8 /* JMSLeaderboardManager.m in Sources */ = {isa = PBXBuildFile; fileRef = F7C3F98A1B3F446900CCE5C8 /* JMSLeaderboardManager.m */; };
		F7C3F9981B3F458700CCE5C8 /* JMSPopoverPresentationController.m in Sources */ = {isa = PBXBuildFile; fileRef = F7C3F9951B3F458700CCE5C8 /* JMSPopoverPresentationController.m */; };
		F7C3F9B71B3F472700CCE5C8 /* JMSMineGridCell.m in Sources */ = {isa = PBXBuildFile; fileRef = F7C3F9A81B3F472700CCE5C8 /* JMSMineGridCell.m */; };
		F7C3F9B81B3F472700CCE5C8 /* JMSScoreTableViewCell.m in Sources */ = {isa = PBXBuildFile; fileRef = F7C3F9AA1B3F472700CCE5C8 /* JMSScoreTableViewCell.m */; };
		F7C3F9B91B3F472700CCE5C8 /* JMSGradientButton.m in Sources */ = {isa = PBXBuildFile; fileRef = F7C3F9AC1B3F472700CCE5C8 /* JMSGradientButton.m */; };
		F7C3F9BA1B3F472700CCE5C8 /* JMSGradientSpeedmeterView.m in Sources */ = {isa = PBXBuildFile; fileRef = F7C3F9AE1B3F472700CCE5C8 /* JMSGradientSpeedmeterView.m */; };
		F7C3F9BB1B3F472700CCE5C8 /* JMSGradientView.m in Sources */ = {isa = PBXBuildFile; fileRef = F7C3F9B01B3F472700CCE5C8 /* JMSGradientView.m */; };
		F7C3F9BC1B3F472700CCE5C8 /* JMSMessageBoxView.m in Sources */ = {isa = PBXBuildFile; fileRef = F7C3F9B21B3F472700CCE5C8 /* JMSMessageBoxView.m */; };
		F7C3F9BD1B3F472700CCE5C8 /* JMSMineGridView.m in Sources */ = {isa = PBXBuildFile; fileRef = F7C3F9B41B3F472700CCE5C8 /* JMSMineGridView.m */; };
/* End PBXBuildFile section */

/* Begin PBXContainerItemProxy section */
		F73BD87C19C395F000CD51B9 /* PBXContainerItemProxy */ = {
			isa = PBXContainerItemProxy;
			containerPortal = F73BD85719C395EF00CD51B9 /* Project object */;
			proxyType = 1;
			remoteGlobalIDString = F73BD85E19C395EF00CD51B9;
			remoteInfo = JapaneseMinesweeper;
		};
/* End PBXContainerItemProxy section */

/* Begin PBXFileReference section */
		9289064B2297497600B52773 /* JMSGameModel+Tutorial.h */ = {isa = PBXFileReference; lastKnownFileType = sourcecode.c.h; path = "JMSGameModel+Tutorial.h"; sourceTree = "<group>"; };
		9289064C2297497600B52773 /* JMSGameModel+Tutorial.m */ = {isa = PBXFileReference; lastKnownFileType = sourcecode.c.objc; path = "JMSGameModel+Tutorial.m"; sourceTree = "<group>"; };
		92CB28AB229B53C0009F5F9A /* JMSMapModel.h */ = {isa = PBXFileReference; lastKnownFileType = sourcecode.c.h; path = JMSMapModel.h; sourceTree = "<group>"; };
		92CB28AC229B53C0009F5F9A /* JMSMapModel.m */ = {isa = PBXFileReference; lastKnownFileType = sourcecode.c.objc; path = JMSMapModel.m; sourceTree = "<group>"; };
		C768A6EA229C997800727084 /* JMSGameSession.h */ = {isa = PBXFileReference; fileEncoding = 4; lastKnownFileType = sourcecode.c.h; path = JMSGameSession.h; sourceTree = "<group>"; };
		C768A6EB229C997800727084 /* JMSGameSession.m */ = {isa = PBXFileReference; fileEncoding = 4; lastKnownFileType = sourcecode.c.objc; path = JMSGameSession.m; sourceTree = "<group>"; };
		C768A6ED229C99AB00727084 /* JMSGameSessionModel.h */ = {isa = PBXFileReference; lastKnownFileType = sourcecode.c.h; path = JMSGameSessionModel.h; sourceTree = "<group>"; };
		C768A6EE229C99AB00727084 /* JMSGameSessionModel.m */ = {isa = PBXFileReference; lastKnownFileType = sourcecode.c.objc; path = JMSGameSessionModel.m; sourceTree = "<group>"; };
		C768A6F0229C9DDC00727084 /* JMSLeaderboardView.h */ = {isa = PBXFileReference; lastKnownFileType = sourcecode.c.h; path = JMSLeaderboardView.h; sourceTree = "<group>"; };
		C768A6F1229C9DDC00727084 /* JMSLeaderboardView.m */ = {isa = PBXFileReference; lastKnownFileType = sourcecode.c.objc; path = JMSLeaderboardView.m; sourceTree = "<group>"; };
		F707111F19E0C7A700D3BBD2 /* GameKit.framework */ = {isa = PBXFileReference; lastKnownFileType = wrapper.framework; name = GameKit.framework; path = System/Library/Frameworks/GameKit.framework; sourceTree = SDKROOT; };
		F73B16901A44AE0E0085A18A /* QuartzCore.framework */ = {isa = PBXFileReference; lastKnownFileType = wrapper.framework; name = QuartzCore.framework; path = System/Library/Frameworks/QuartzCore.framework; sourceTree = SDKROOT; };
		F73BD85F19C395EF00CD51B9 /* JapaneseMinesweeper.app */ = {isa = PBXFileReference; explicitFileType = wrapper.application; includeInIndex = 0; path = JapaneseMinesweeper.app; sourceTree = BUILT_PRODUCTS_DIR; };
		F73BD86319C395EF00CD51B9 /* Info.plist */ = {isa = PBXFileReference; lastKnownFileType = text.plist.xml; path = Info.plist; sourceTree = "<group>"; };
		F73BD86419C395EF00CD51B9 /* main.m */ = {isa = PBXFileReference; lastKnownFileType = sourcecode.c.objc; path = main.m; sourceTree = "<group>"; };
		F73BD87019C395F000CD51B9 /* Base */ = {isa = PBXFileReference; lastKnownFileType = file.storyboard; name = Base; path = Base.lproj/Main.storyboard; sourceTree = "<group>"; };
		F73BD87219C395F000CD51B9 /* Images.xcassets */ = {isa = PBXFileReference; lastKnownFileType = folder.assetcatalog; name = Images.xcassets; path = ../Images.xcassets; sourceTree = "<group>"; };
		F73BD87B19C395F000CD51B9 /* JapaneseMinesweeperTests.xctest */ = {isa = PBXFileReference; explicitFileType = wrapper.cfbundle; includeInIndex = 0; path = JapaneseMinesweeperTests.xctest; sourceTree = BUILT_PRODUCTS_DIR; };
		F73BD88019C395F000CD51B9 /* Info.plist */ = {isa = PBXFileReference; lastKnownFileType = text.plist.xml; path = Info.plist; sourceTree = "<group>"; };
		F73BD88119C395F000CD51B9 /* JapaneseMinesweeperTests.m */ = {isa = PBXFileReference; lastKnownFileType = sourcecode.c.objc; path = JapaneseMinesweeperTests.m; sourceTree = "<group>"; };
		F75010031D078B0100EC511C /* JMSAboutView.h */ = {isa = PBXFileReference; fileEncoding = 4; lastKnownFileType = sourcecode.c.h; path = JMSAboutView.h; sourceTree = "<group>"; };
		F75010041D078B0100EC511C /* JMSAboutView.m */ = {isa = PBXFileReference; fileEncoding = 4; lastKnownFileType = sourcecode.c.objc; path = JMSAboutView.m; sourceTree = "<group>"; };
		F75010051D078B0100EC511C /* JMSAboutViewController.h */ = {isa = PBXFileReference; fileEncoding = 4; lastKnownFileType = sourcecode.c.h; path = JMSAboutViewController.h; sourceTree = "<group>"; };
		F75010061D078B0100EC511C /* JMSAboutViewController.m */ = {isa = PBXFileReference; fileEncoding = 4; lastKnownFileType = sourcecode.c.objc; path = JMSAboutViewController.m; sourceTree = "<group>"; };
		F75010071D078B0100EC511C /* JMSAboutViewController.xib */ = {isa = PBXFileReference; fileEncoding = 4; lastKnownFileType = file.xib; path = JMSAboutViewController.xib; sourceTree = "<group>"; };
		F75010091D078B0100EC511C /* JMSGameboardView.h */ = {isa = PBXFileReference; fileEncoding = 4; lastKnownFileType = sourcecode.c.h; path = JMSGameboardView.h; sourceTree = "<group>"; };
		F750100A1D078B0100EC511C /* JMSGameboardView.m */ = {isa = PBXFileReference; fileEncoding = 4; lastKnownFileType = sourcecode.c.objc; path = JMSGameboardView.m; sourceTree = "<group>"; };
		F750100B1D078B0100EC511C /* JMSGameBoardViewController.h */ = {isa = PBXFileReference; fileEncoding = 4; lastKnownFileType = sourcecode.c.h; path = JMSGameBoardViewController.h; sourceTree = "<group>"; };
		F750100C1D078B0100EC511C /* JMSGameBoardViewController.m */ = {isa = PBXFileReference; fileEncoding = 4; lastKnownFileType = sourcecode.c.objc; path = JMSGameBoardViewController.m; sourceTree = "<group>"; };
		F75010101D078B0100EC511C /* JMSLeaderboardViewController.h */ = {isa = PBXFileReference; fileEncoding = 4; lastKnownFileType = sourcecode.c.h; path = JMSLeaderboardViewController.h; sourceTree = "<group>"; };
		F75010111D078B0100EC511C /* JMSLeaderboardViewController.m */ = {isa = PBXFileReference; fileEncoding = 4; lastKnownFileType = sourcecode.c.objc; path = JMSLeaderboardViewController.m; sourceTree = "<group>"; };
		F750101B1D078B9900EC511C /* JMSOptionsView.h */ = {isa = PBXFileReference; fileEncoding = 4; lastKnownFileType = sourcecode.c.h; path = JMSOptionsView.h; sourceTree = "<group>"; };
		F750101C1D078B9900EC511C /* JMSOptionsView.m */ = {isa = PBXFileReference; fileEncoding = 4; lastKnownFileType = sourcecode.c.objc; path = JMSOptionsView.m; sourceTree = "<group>"; };
		F750101D1D078B9900EC511C /* JMSOptionsViewController.h */ = {isa = PBXFileReference; fileEncoding = 4; lastKnownFileType = sourcecode.c.h; path = JMSOptionsViewController.h; sourceTree = "<group>"; };
		F750101E1D078B9900EC511C /* JMSOptionsViewController.m */ = {isa = PBXFileReference; fileEncoding = 4; lastKnownFileType = sourcecode.c.objc; path = JMSOptionsViewController.m; sourceTree = "<group>"; };
		F75010211D078BA200EC511C /* JMSMainView.h */ = {isa = PBXFileReference; fileEncoding = 4; lastKnownFileType = sourcecode.c.h; path = JMSMainView.h; sourceTree = "<group>"; };
		F75010221D078BA200EC511C /* JMSMainView.m */ = {isa = PBXFileReference; fileEncoding = 4; lastKnownFileType = sourcecode.c.objc; path = JMSMainView.m; sourceTree = "<group>"; };
		F75010231D078BA200EC511C /* JMSMainViewController.h */ = {isa = PBXFileReference; fileEncoding = 4; lastKnownFileType = sourcecode.c.h; path = JMSMainViewController.h; sourceTree = "<group>"; };
		F75010241D078BA200EC511C /* JMSMainViewController.m */ = {isa = PBXFileReference; fileEncoding = 4; lastKnownFileType = sourcecode.c.objc; path = JMSMainViewController.m; sourceTree = "<group>"; };
		F75010271D078BC400EC511C /* JMSGameModel.h */ = {isa = PBXFileReference; fileEncoding = 4; lastKnownFileType = sourcecode.c.h; path = JMSGameModel.h; sourceTree = "<group>"; };
		F75010281D078BC400EC511C /* JMSGameModel.m */ = {isa = PBXFileReference; fileEncoding = 4; lastKnownFileType = sourcecode.c.objc; path = JMSGameModel.m; sourceTree = "<group>"; };
		F750103E1D078C5600EC511C /* JMSGameBoardViewController+Tutorial.h */ = {isa = PBXFileReference; fileEncoding = 4; lastKnownFileType = sourcecode.c.h; path = "JMSGameBoardViewController+Tutorial.h"; sourceTree = "<group>"; };
		F750103F1D078C5600EC511C /* JMSGameBoardViewController+Tutorial.m */ = {isa = PBXFileReference; fileEncoding = 4; lastKnownFileType = sourcecode.c.objc; path = "JMSGameBoardViewController+Tutorial.m"; sourceTree = "<group>"; };
		F75010401D078C5600EC511C /* JMSMessageBoxView+LevelCompleted.h */ = {isa = PBXFileReference; fileEncoding = 4; lastKnownFileType = sourcecode.c.h; path = "JMSMessageBoxView+LevelCompleted.h"; sourceTree = "<group>"; };
		F75010411D078C5600EC511C /* JMSMessageBoxView+LevelCompleted.m */ = {isa = PBXFileReference; fileEncoding = 4; lastKnownFileType = sourcecode.c.objc; path = "JMSMessageBoxView+LevelCompleted.m"; sourceTree = "<group>"; };
		F75010421D078C5600EC511C /* UIColor+ColorFromHexString.h */ = {isa = PBXFileReference; fileEncoding = 4; lastKnownFileType = sourcecode.c.h; path = "UIColor+ColorFromHexString.h"; sourceTree = "<group>"; };
		F75010431D078C5600EC511C /* UIColor+ColorFromHexString.m */ = {isa = PBXFileReference; fileEncoding = 4; lastKnownFileType = sourcecode.c.objc; path = "UIColor+ColorFromHexString.m"; sourceTree = "<group>"; };
		F75010441D078C5600EC511C /* UIColor+GameColorPalette.h */ = {isa = PBXFileReference; fileEncoding = 4; lastKnownFileType = sourcecode.c.h; path = "UIColor+GameColorPalette.h"; sourceTree = "<group>"; };
		F75010451D078C5600EC511C /* UIColor+GameColorPalette.m */ = {isa = PBXFileReference; fileEncoding = 4; lastKnownFileType = sourcecode.c.objc; path = "UIColor+GameColorPalette.m"; sourceTree = "<group>"; };
		F750104B1D078CAF00EC511C /* JMSTutorialManager.h */ = {isa = PBXFileReference; fileEncoding = 4; lastKnownFileType = sourcecode.c.h; path = JMSTutorialManager.h; sourceTree = "<group>"; };
		F750104C1D078CAF00EC511C /* JMSTutorialManager.m */ = {isa = PBXFileReference; fileEncoding = 4; lastKnownFileType = sourcecode.c.objc; path = JMSTutorialManager.m; sourceTree = "<group>"; };
		F750104E1D078CEA00EC511C /* JMSTutorialTask.h */ = {isa = PBXFileReference; fileEncoding = 4; lastKnownFileType = sourcecode.c.h; path = JMSTutorialTask.h; sourceTree = "<group>"; };
		F750104F1D078CEA00EC511C /* JMSTutorialTask.m */ = {isa = PBXFileReference; fileEncoding = 4; lastKnownFileType = sourcecode.c.objc; path = JMSTutorialTask.m; sourceTree = "<group>"; };
		F75010521D078CF300EC511C /* JMSAlteredCellInfo.h */ = {isa = PBXFileReference; fileEncoding = 4; lastKnownFileType = sourcecode.c.h; path = JMSAlteredCellInfo.h; sourceTree = "<group>"; };
		F75010531D078CF300EC511C /* JMSAlteredCellInfo.m */ = {isa = PBXFileReference; fileEncoding = 4; lastKnownFileType = sourcecode.c.objc; path = JMSAlteredCellInfo.m; sourceTree = "<group>"; };
		F75010541D078CF300EC511C /* JMSMineGridCellInfo.h */ = {isa = PBXFileReference; fileEncoding = 4; lastKnownFileType = sourcecode.c.h; path = JMSMineGridCellInfo.h; sourceTree = "<group>"; };
		F75010551D078CF300EC511C /* JMSMineGridCellInfo.m */ = {isa = PBXFileReference; fileEncoding = 4; lastKnownFileType = sourcecode.c.objc; path = JMSMineGridCellInfo.m; sourceTree = "<group>"; };
		F750105A1D07965A00EC511C /* JMSAppDelegate.h */ = {isa = PBXFileReference; fileEncoding = 4; lastKnownFileType = sourcecode.c.h; path = JMSAppDelegate.h; sourceTree = "<group>"; };
		F750105B1D07965A00EC511C /* JMSAppDelegate.m */ = {isa = PBXFileReference; fileEncoding = 4; lastKnownFileType = sourcecode.c.objc; path = JMSAppDelegate.m; sourceTree = "<group>"; };
		F775748D1B3A174E00160A53 /* JMSKeyValueSettingsHelper.h */ = {isa = PBXFileReference; fileEncoding = 4; lastKnownFileType = sourcecode.c.h; path = JMSKeyValueSettingsHelper.h; sourceTree = "<group>"; };
		F775748E1B3A174E00160A53 /* JMSKeyValueSettingsHelper.m */ = {isa = PBXFileReference; fileEncoding = 4; lastKnownFileType = sourcecode.c.objc; path = JMSKeyValueSettingsHelper.m; sourceTree = "<group>"; };
		F77574901B3A1BDD00160A53 /* Settings.plist */ = {isa = PBXFileReference; fileEncoding = 4; lastKnownFileType = text.plist.xml; path = Settings.plist; sourceTree = "<group>"; };
		F778C1AF1D05BA0B00A86F84 /* en */ = {isa = PBXFileReference; lastKnownFileType = text.plist.strings; name = en; path = en.lproj/Localizable.strings; sourceTree = "<group>"; };
		F78047AD1D079E4000BEE2D3 /* game_over.wav */ = {isa = PBXFileReference; lastKnownFileType = audio.wav; path = game_over.wav; sourceTree = "<group>"; };
		F78047AE1D079E4000BEE2D3 /* level_completed.wav */ = {isa = PBXFileReference; lastKnownFileType = audio.wav; path = level_completed.wav; sourceTree = "<group>"; };
		F78047AF1D079E4000BEE2D3 /* put_flag.wav */ = {isa = PBXFileReference; lastKnownFileType = audio.wav; path = put_flag.wav; sourceTree = "<group>"; };
		F78047B01D079E4000BEE2D3 /* ui_feedback.wav */ = {isa = PBXFileReference; lastKnownFileType = audio.wav; path = ui_feedback.wav; sourceTree = "<group>"; };
		F787EF9B1CEE78E60063E649 /* AlteredCellObserver.h */ = {isa = PBXFileReference; fileEncoding = 4; lastKnownFileType = sourcecode.c.h; path = AlteredCellObserver.h; sourceTree = "<group>"; };
		F798301D1D04F0CA0025C1F1 /* en */ = {isa = PBXFileReference; lastKnownFileType = text.plist.strings; name = en; path = en.lproj/Main.strings; sourceTree = "<group>"; };
		F7ABEFB61A9AA49F0069FDA2 /* JMSSoundHelper.h */ = {isa = PBXFileReference; fileEncoding = 4; lastKnownFileType = sourcecode.c.h; path = JMSSoundHelper.h; sourceTree = "<group>"; };
		F7ABEFB71A9AA49F0069FDA2 /* JMSSoundHelper.m */ = {isa = PBXFileReference; fileEncoding = 4; lastKnownFileType = sourcecode.c.objc; path = JMSSoundHelper.m; sourceTree = "<group>"; };
		F7ADBEE81A913EC5003BAAF2 /* JMSGameKitHelper.h */ = {isa = PBXFileReference; fileEncoding = 4; lastKnownFileType = sourcecode.c.h; path = JMSGameKitHelper.h; sourceTree = "<group>"; };
		F7ADBEE91A913EC5003BAAF2 /* JMSGameKitHelper.m */ = {isa = PBXFileReference; fileEncoding = 4; lastKnownFileType = sourcecode.c.objc; path = JMSGameKitHelper.m; sourceTree = "<group>"; };
		F7ADBF1A1A973B0F003BAAF2 /* AVFoundation.framework */ = {isa = PBXFileReference; lastKnownFileType = wrapper.framework; name = AVFoundation.framework; path = System/Library/Frameworks/AVFoundation.framework; sourceTree = SDKROOT; };
		F7C3F97A1B3CC44A00CCE5C8 /* PrefixHeader.pch */ = {isa = PBXFileReference; lastKnownFileType = sourcecode.c.h; path = PrefixHeader.pch; sourceTree = "<group>"; };
		F7C3F9841B3F446900CCE5C8 /* JapaneseMinesweeper.xcdatamodel */ = {isa = PBXFileReference; lastKnownFileType = wrapper.xcdatamodel; path = JapaneseMinesweeper.xcdatamodel; sourceTree = "<group>"; };
		F7C3F9851B3F446900CCE5C8 /* JMSDataManagerBase.h */ = {isa = PBXFileReference; fileEncoding = 4; lastKnownFileType = sourcecode.c.h; path = JMSDataManagerBase.h; sourceTree = "<group>"; };
		F7C3F9861B3F446900CCE5C8 /* JMSDataManagerBase.m */ = {isa = PBXFileReference; fileEncoding = 4; lastKnownFileType = sourcecode.c.objc; path = JMSDataManagerBase.m; sourceTree = "<group>"; };
		F7C3F9891B3F446900CCE5C8 /* JMSLeaderboardManager.h */ = {isa = PBXFileReference; fileEncoding = 4; lastKnownFileType = sourcecode.c.h; path = JMSLeaderboardManager.h; sourceTree = "<group>"; };
		F7C3F98A1B3F446900CCE5C8 /* JMSLeaderboardManager.m */ = {isa = PBXFileReference; fileEncoding = 4; lastKnownFileType = sourcecode.c.objc; path = JMSLeaderboardManager.m; sourceTree = "<group>"; };
		F7C3F9941B3F458700CCE5C8 /* JMSPopoverPresentationController.h */ = {isa = PBXFileReference; fileEncoding = 4; lastKnownFileType = sourcecode.c.h; path = JMSPopoverPresentationController.h; sourceTree = "<group>"; };
		F7C3F9951B3F458700CCE5C8 /* JMSPopoverPresentationController.m */ = {isa = PBXFileReference; fileEncoding = 4; lastKnownFileType = sourcecode.c.objc; path = JMSPopoverPresentationController.m; sourceTree = "<group>"; };
		F7C3F9A71B3F472700CCE5C8 /* JMSMineGridCell.h */ = {isa = PBXFileReference; fileEncoding = 4; lastKnownFileType = sourcecode.c.h; path = JMSMineGridCell.h; sourceTree = "<group>"; };
		F7C3F9A81B3F472700CCE5C8 /* JMSMineGridCell.m */ = {isa = PBXFileReference; fileEncoding = 4; lastKnownFileType = sourcecode.c.objc; path = JMSMineGridCell.m; sourceTree = "<group>"; };
		F7C3F9A91B3F472700CCE5C8 /* JMSScoreTableViewCell.h */ = {isa = PBXFileReference; fileEncoding = 4; lastKnownFileType = sourcecode.c.h; path = JMSScoreTableViewCell.h; sourceTree = "<group>"; };
		F7C3F9AA1B3F472700CCE5C8 /* JMSScoreTableViewCell.m */ = {isa = PBXFileReference; fileEncoding = 4; lastKnownFileType = sourcecode.c.objc; path = JMSScoreTableViewCell.m; sourceTree = "<group>"; };
		F7C3F9AB1B3F472700CCE5C8 /* JMSGradientButton.h */ = {isa = PBXFileReference; fileEncoding = 4; lastKnownFileType = sourcecode.c.h; path = JMSGradientButton.h; sourceTree = "<group>"; };
		F7C3F9AC1B3F472700CCE5C8 /* JMSGradientButton.m */ = {isa = PBXFileReference; fileEncoding = 4; lastKnownFileType = sourcecode.c.objc; path = JMSGradientButton.m; sourceTree = "<group>"; };
		F7C3F9AD1B3F472700CCE5C8 /* JMSGradientSpeedmeterView.h */ = {isa = PBXFileReference; fileEncoding = 4; lastKnownFileType = sourcecode.c.h; path = JMSGradientSpeedmeterView.h; sourceTree = "<group>"; };
		F7C3F9AE1B3F472700CCE5C8 /* JMSGradientSpeedmeterView.m */ = {isa = PBXFileReference; fileEncoding = 4; lastKnownFileType = sourcecode.c.objc; path = JMSGradientSpeedmeterView.m; sourceTree = "<group>"; };
		F7C3F9AF1B3F472700CCE5C8 /* JMSGradientView.h */ = {isa = PBXFileReference; fileEncoding = 4; lastKnownFileType = sourcecode.c.h; path = JMSGradientView.h; sourceTree = "<group>"; };
		F7C3F9B01B3F472700CCE5C8 /* JMSGradientView.m */ = {isa = PBXFileReference; fileEncoding = 4; lastKnownFileType = sourcecode.c.objc; path = JMSGradientView.m; sourceTree = "<group>"; };
		F7C3F9B11B3F472700CCE5C8 /* JMSMessageBoxView.h */ = {isa = PBXFileReference; fileEncoding = 4; lastKnownFileType = sourcecode.c.h; path = JMSMessageBoxView.h; sourceTree = "<group>"; };
		F7C3F9B21B3F472700CCE5C8 /* JMSMessageBoxView.m */ = {isa = PBXFileReference; fileEncoding = 4; lastKnownFileType = sourcecode.c.objc; path = JMSMessageBoxView.m; sourceTree = "<group>"; };
		F7C3F9B31B3F472700CCE5C8 /* JMSMineGridView.h */ = {isa = PBXFileReference; fileEncoding = 4; lastKnownFileType = sourcecode.c.h; path = JMSMineGridView.h; sourceTree = "<group>"; };
		F7C3F9B41B3F472700CCE5C8 /* JMSMineGridView.m */ = {isa = PBXFileReference; fileEncoding = 4; lastKnownFileType = sourcecode.c.objc; path = JMSMineGridView.m; sourceTree = "<group>"; };
		F7C3F9C11B3F4FA400CCE5C8 /* JMSMineView.h */ = {isa = PBXFileReference; fileEncoding = 4; lastKnownFileType = sourcecode.c.h; path = JMSMineView.h; sourceTree = "<group>"; };
		F7C3F9C21B3F4FA400CCE5C8 /* JMSMineView.m */ = {isa = PBXFileReference; fileEncoding = 4; lastKnownFileType = sourcecode.c.objc; path = JMSMineView.m; sourceTree = "<group>"; };
		FD98C96819DEFCD00035125E /* Enums.h */ = {isa = PBXFileReference; lastKnownFileType = sourcecode.c.h; path = Enums.h; sourceTree = "<group>"; };
		FD98C96919DEFD490035125E /* Structs.h */ = {isa = PBXFileReference; lastKnownFileType = sourcecode.c.h; path = Structs.h; sourceTree = "<group>"; };
/* End PBXFileReference section */

/* Begin PBXFrameworksBuildPhase section */
		F73BD85C19C395EF00CD51B9 /* Frameworks */ = {
			isa = PBXFrameworksBuildPhase;
			buildActionMask = 2147483647;
			files = (
				F7ADBF1B1A973B0F003BAAF2 /* AVFoundation.framework in Frameworks */,
				F73B16911A44AE0E0085A18A /* QuartzCore.framework in Frameworks */,
				F707112019E0C7A700D3BBD2 /* GameKit.framework in Frameworks */,
			);
			runOnlyForDeploymentPostprocessing = 0;
		};
		F73BD87819C395F000CD51B9 /* Frameworks */ = {
			isa = PBXFrameworksBuildPhase;
			buildActionMask = 2147483647;
			files = (
			);
			runOnlyForDeploymentPostprocessing = 0;
		};
/* End PBXFrameworksBuildPhase section */

/* Begin PBXGroup section */
		C768A6E9229C997800727084 /* Managed */ = {
			isa = PBXGroup;
			children = (
				C768A6EA229C997800727084 /* JMSGameSession.h */,
				C768A6EB229C997800727084 /* JMSGameSession.m */,
			);
			path = Managed;
			sourceTree = "<group>";
		};
		F73BD85619C395EF00CD51B9 = {
			isa = PBXGroup;
			children = (
				F7ADBF1A1A973B0F003BAAF2 /* AVFoundation.framework */,
				F73B16901A44AE0E0085A18A /* QuartzCore.framework */,
				F707111F19E0C7A700D3BBD2 /* GameKit.framework */,
				F73BD86119C395EF00CD51B9 /* JapaneseMinesweeper */,
				F73BD87E19C395F000CD51B9 /* JapaneseMinesweeperTests */,
				F73BD86019C395EF00CD51B9 /* Products */,
			);
			sourceTree = "<group>";
		};
		F73BD86019C395EF00CD51B9 /* Products */ = {
			isa = PBXGroup;
			children = (
				F73BD85F19C395EF00CD51B9 /* JapaneseMinesweeper.app */,
				F73BD87B19C395F000CD51B9 /* JapaneseMinesweeperTests.xctest */,
			);
			name = Products;
			sourceTree = "<group>";
		};
		F73BD86119C395EF00CD51B9 /* JapaneseMinesweeper */ = {
			isa = PBXGroup;
			children = (
				F750105A1D07965A00EC511C /* JMSAppDelegate.h */,
				F750105B1D07965A00EC511C /* JMSAppDelegate.m */,
				F750103D1D078C5600EC511C /* Extensions */,
				F7500FED1D07887400EC511C /* Resources */,
				F7500FEC1D07880800EC511C /* Infrastructure */,
				F787EF9A1CEE75190063E649 /* Protocols */,
				F7C3F9A51B3F472700CCE5C8 /* Controls */,
				F7C3F9901B3F458700CCE5C8 /* Controllers */,
				F7C3F9821B3F446900CCE5C8 /* DAL */,
				F7ABEFAB1A9922210069FDA2 /* Models */,
				F7ADBEE71A913EA5003BAAF2 /* Helpers */,
				F750104A1D078CAF00EC511C /* TutorialManager */,
				F75010511D078CF300EC511C /* MIneGridCell */,
				F73BD86219C395EF00CD51B9 /* Supporting Files */,
				FD98C96819DEFCD00035125E /* Enums.h */,
				FD98C96919DEFD490035125E /* Structs.h */,
				F77574901B3A1BDD00160A53 /* Settings.plist */,
			);
			path = JapaneseMinesweeper;
			sourceTree = "<group>";
		};
		F73BD86219C395EF00CD51B9 /* Supporting Files */ = {
			isa = PBXGroup;
			children = (
				F73BD86319C395EF00CD51B9 /* Info.plist */,
				F73BD86419C395EF00CD51B9 /* main.m */,
				F7C3F97A1B3CC44A00CCE5C8 /* PrefixHeader.pch */,
			);
			name = "Supporting Files";
			sourceTree = "<group>";
		};
		F73BD87E19C395F000CD51B9 /* JapaneseMinesweeperTests */ = {
			isa = PBXGroup;
			children = (
				F73BD88119C395F000CD51B9 /* JapaneseMinesweeperTests.m */,
				F73BD87F19C395F000CD51B9 /* Supporting Files */,
			);
			path = JapaneseMinesweeperTests;
			sourceTree = "<group>";
		};
		F73BD87F19C395F000CD51B9 /* Supporting Files */ = {
			isa = PBXGroup;
			children = (
				F73BD88019C395F000CD51B9 /* Info.plist */,
			);
			name = "Supporting Files";
			sourceTree = "<group>";
		};
		F7500FEC1D07880800EC511C /* Infrastructure */ = {
			isa = PBXGroup;
			children = (
				F75010021D078B0100EC511C /* About */,
				F75010081D078B0100EC511C /* Gameboard */,
				F750100F1D078B0100EC511C /* LeaderboardTable */,
				F75010121D078B0100EC511C /* Main */,
				F75010131D078B0100EC511C /* Options */,
				F73BD86F19C395F000CD51B9 /* Main.storyboard */,
			);
			name = Infrastructure;
			sourceTree = "<group>";
		};
		F7500FED1D07887400EC511C /* Resources */ = {
			isa = PBXGroup;
			children = (
				F78047AC1D079E4000BEE2D3 /* Sounds */,
				F73BD87219C395F000CD51B9 /* Images.xcassets */,
				F778C1AE1D05BA0B00A86F84 /* Localizable.strings */,
			);
			path = Resources;
			sourceTree = "<group>";
		};
		F75010021D078B0100EC511C /* About */ = {
			isa = PBXGroup;
			children = (
				F75010031D078B0100EC511C /* JMSAboutView.h */,
				F75010041D078B0100EC511C /* JMSAboutView.m */,
				F75010051D078B0100EC511C /* JMSAboutViewController.h */,
				F75010061D078B0100EC511C /* JMSAboutViewController.m */,
				F75010071D078B0100EC511C /* JMSAboutViewController.xib */,
			);
			name = About;
			path = Infrastructure/About;
			sourceTree = "<group>";
		};
		F75010081D078B0100EC511C /* Gameboard */ = {
			isa = PBXGroup;
			children = (
				F75010091D078B0100EC511C /* JMSGameboardView.h */,
				F750100A1D078B0100EC511C /* JMSGameboardView.m */,
				F750100B1D078B0100EC511C /* JMSGameBoardViewController.h */,
				F750100C1D078B0100EC511C /* JMSGameBoardViewController.m */,
			);
			name = Gameboard;
			path = Infrastructure/Gameboard;
			sourceTree = "<group>";
		};
		F750100F1D078B0100EC511C /* LeaderboardTable */ = {
			isa = PBXGroup;
			children = (
				F75010101D078B0100EC511C /* JMSLeaderboardViewController.h */,
				F75010111D078B0100EC511C /* JMSLeaderboardViewController.m */,
				C768A6F0229C9DDC00727084 /* JMSLeaderboardView.h */,
				C768A6F1229C9DDC00727084 /* JMSLeaderboardView.m */,
			);
			name = LeaderboardTable;
			path = Infrastructure/LeaderboardTable;
			sourceTree = "<group>";
		};
		F75010121D078B0100EC511C /* Main */ = {
			isa = PBXGroup;
			children = (
				F75010211D078BA200EC511C /* JMSMainView.h */,
				F75010221D078BA200EC511C /* JMSMainView.m */,
				F75010231D078BA200EC511C /* JMSMainViewController.h */,
				F75010241D078BA200EC511C /* JMSMainViewController.m */,
			);
			name = Main;
			path = Infrastructure/Main;
			sourceTree = "<group>";
		};
		F75010131D078B0100EC511C /* Options */ = {
			isa = PBXGroup;
			children = (
				F750101B1D078B9900EC511C /* JMSOptionsView.h */,
				F750101C1D078B9900EC511C /* JMSOptionsView.m */,
				F750101D1D078B9900EC511C /* JMSOptionsViewController.h */,
				F750101E1D078B9900EC511C /* JMSOptionsViewController.m */,
			);
			name = Options;
			path = Infrastructure/Options;
			sourceTree = "<group>";
		};
		F750103D1D078C5600EC511C /* Extensions */ = {
			isa = PBXGroup;
			children = (
				F750103E1D078C5600EC511C /* JMSGameBoardViewController+Tutorial.h */,
				F750103F1D078C5600EC511C /* JMSGameBoardViewController+Tutorial.m */,
				F75010401D078C5600EC511C /* JMSMessageBoxView+LevelCompleted.h */,
				F75010411D078C5600EC511C /* JMSMessageBoxView+LevelCompleted.m */,
				F75010421D078C5600EC511C /* UIColor+ColorFromHexString.h */,
				F75010431D078C5600EC511C /* UIColor+ColorFromHexString.m */,
				F75010441D078C5600EC511C /* UIColor+GameColorPalette.h */,
				F75010451D078C5600EC511C /* UIColor+GameColorPalette.m */,
			);
			path = Extensions;
			sourceTree = "<group>";
		};
		F750104A1D078CAF00EC511C /* TutorialManager */ = {
			isa = PBXGroup;
			children = (
				F750104E1D078CEA00EC511C /* JMSTutorialTask.h */,
				F750104F1D078CEA00EC511C /* JMSTutorialTask.m */,
				F750104B1D078CAF00EC511C /* JMSTutorialManager.h */,
				F750104C1D078CAF00EC511C /* JMSTutorialManager.m */,
			);
			path = TutorialManager;
			sourceTree = "<group>";
		};
		F75010511D078CF300EC511C /* MIneGridCell */ = {
			isa = PBXGroup;
			children = (
				F75010521D078CF300EC511C /* JMSAlteredCellInfo.h */,
				F75010531D078CF300EC511C /* JMSAlteredCellInfo.m */,
				F75010541D078CF300EC511C /* JMSMineGridCellInfo.h */,
				F75010551D078CF300EC511C /* JMSMineGridCellInfo.m */,
			);
			path = MIneGridCell;
			sourceTree = "<group>";
		};
		F78047AC1D079E4000BEE2D3 /* Sounds */ = {
			isa = PBXGroup;
			children = (
				F78047AD1D079E4000BEE2D3 /* game_over.wav */,
				F78047AE1D079E4000BEE2D3 /* level_completed.wav */,
				F78047AF1D079E4000BEE2D3 /* put_flag.wav */,
				F78047B01D079E4000BEE2D3 /* ui_feedback.wav */,
			);
			path = Sounds;
			sourceTree = "<group>";
		};
		F787EF9A1CEE75190063E649 /* Protocols */ = {
			isa = PBXGroup;
			children = (
				F787EF9B1CEE78E60063E649 /* AlteredCellObserver.h */,
			);
			path = Protocols;
			sourceTree = "<group>";
		};
		F7ABEFAB1A9922210069FDA2 /* Models */ = {
			isa = PBXGroup;
			children = (
				F75010271D078BC400EC511C /* JMSGameModel.h */,
				F75010281D078BC400EC511C /* JMSGameModel.m */,
				9289064B2297497600B52773 /* JMSGameModel+Tutorial.h */,
				9289064C2297497600B52773 /* JMSGameModel+Tutorial.m */,
				92CB28AB229B53C0009F5F9A /* JMSMapModel.h */,
				92CB28AC229B53C0009F5F9A /* JMSMapModel.m */,
			);
			path = Models;
			sourceTree = "<group>";
		};
		F7ADBEE71A913EA5003BAAF2 /* Helpers */ = {
			isa = PBXGroup;
			children = (
				F7ADBEE81A913EC5003BAAF2 /* JMSGameKitHelper.h */,
				F7ADBEE91A913EC5003BAAF2 /* JMSGameKitHelper.m */,
				F7ABEFB61A9AA49F0069FDA2 /* JMSSoundHelper.h */,
				F7ABEFB71A9AA49F0069FDA2 /* JMSSoundHelper.m */,
				F775748D1B3A174E00160A53 /* JMSKeyValueSettingsHelper.h */,
				F775748E1B3A174E00160A53 /* JMSKeyValueSettingsHelper.m */,
			);
			path = Helpers;
			sourceTree = "<group>";
		};
		F7C3F9821B3F446900CCE5C8 /* DAL */ = {
			isa = PBXGroup;
			children = (
				C768A6E9229C997800727084 /* Managed */,
				F7C3F9831B3F446900CCE5C8 /* JapaneseMinesweeper.xcdatamodeld */,
				F7C3F9851B3F446900CCE5C8 /* JMSDataManagerBase.h */,
				F7C3F9861B3F446900CCE5C8 /* JMSDataManagerBase.m */,
				F7C3F9891B3F446900CCE5C8 /* JMSLeaderboardManager.h */,
				F7C3F98A1B3F446900CCE5C8 /* JMSLeaderboardManager.m */,
				C768A6ED229C99AB00727084 /* JMSGameSessionModel.h */,
				C768A6EE229C99AB00727084 /* JMSGameSessionModel.m */,
			);
			path = DAL;
			sourceTree = "<group>";
		};
		F7C3F9901B3F458700CCE5C8 /* Controllers */ = {
			isa = PBXGroup;
			children = (
				F7C3F9941B3F458700CCE5C8 /* JMSPopoverPresentationController.h */,
				F7C3F9951B3F458700CCE5C8 /* JMSPopoverPresentationController.m */,
			);
			path = Controllers;
			sourceTree = "<group>";
		};
		F7C3F9A51B3F472700CCE5C8 /* Controls */ = {
			isa = PBXGroup;
			children = (
				F7C3F9C01B3F4FA400CCE5C8 /* Unused */,
				F7C3F9A61B3F472700CCE5C8 /* Cells */,
				F7C3F9AB1B3F472700CCE5C8 /* JMSGradientButton.h */,
				F7C3F9AC1B3F472700CCE5C8 /* JMSGradientButton.m */,
				F7C3F9AD1B3F472700CCE5C8 /* JMSGradientSpeedmeterView.h */,
				F7C3F9AE1B3F472700CCE5C8 /* JMSGradientSpeedmeterView.m */,
				F7C3F9AF1B3F472700CCE5C8 /* JMSGradientView.h */,
				F7C3F9B01B3F472700CCE5C8 /* JMSGradientView.m */,
				F7C3F9B11B3F472700CCE5C8 /* JMSMessageBoxView.h */,
				F7C3F9B21B3F472700CCE5C8 /* JMSMessageBoxView.m */,
				F7C3F9B31B3F472700CCE5C8 /* JMSMineGridView.h */,
				F7C3F9B41B3F472700CCE5C8 /* JMSMineGridView.m */,
			);
			path = Controls;
			sourceTree = "<group>";
		};
		F7C3F9A61B3F472700CCE5C8 /* Cells */ = {
			isa = PBXGroup;
			children = (
				F7C3F9A71B3F472700CCE5C8 /* JMSMineGridCell.h */,
				F7C3F9A81B3F472700CCE5C8 /* JMSMineGridCell.m */,
				F7C3F9A91B3F472700CCE5C8 /* JMSScoreTableViewCell.h */,
				F7C3F9AA1B3F472700CCE5C8 /* JMSScoreTableViewCell.m */,
			);
			path = Cells;
			sourceTree = "<group>";
		};
		F7C3F9C01B3F4FA400CCE5C8 /* Unused */ = {
			isa = PBXGroup;
			children = (
				F7C3F9C11B3F4FA400CCE5C8 /* JMSMineView.h */,
				F7C3F9C21B3F4FA400CCE5C8 /* JMSMineView.m */,
			);
			path = Unused;
			sourceTree = "<group>";
		};
/* End PBXGroup section */

/* Begin PBXNativeTarget section */
		F73BD85E19C395EF00CD51B9 /* JapaneseMinesweeper */ = {
			isa = PBXNativeTarget;
			buildConfigurationList = F73BD88519C395F000CD51B9 /* Build configuration list for PBXNativeTarget "JapaneseMinesweeper" */;
			buildPhases = (
				F73BD85B19C395EF00CD51B9 /* Sources */,
				F73BD85C19C395EF00CD51B9 /* Frameworks */,
				F73BD85D19C395EF00CD51B9 /* Resources */,
				F7C3F9BF1B3F4D0800CCE5C8 /* ShellScript */,
			);
			buildRules = (
			);
			dependencies = (
			);
			name = JapaneseMinesweeper;
			productName = JapaneseMinesweeper;
			productReference = F73BD85F19C395EF00CD51B9 /* JapaneseMinesweeper.app */;
			productType = "com.apple.product-type.application";
		};
		F73BD87A19C395F000CD51B9 /* JapaneseMinesweeperTests */ = {
			isa = PBXNativeTarget;
			buildConfigurationList = F73BD88819C395F000CD51B9 /* Build configuration list for PBXNativeTarget "JapaneseMinesweeperTests" */;
			buildPhases = (
				F73BD87719C395F000CD51B9 /* Sources */,
				F73BD87819C395F000CD51B9 /* Frameworks */,
				F73BD87919C395F000CD51B9 /* Resources */,
			);
			buildRules = (
			);
			dependencies = (
				F73BD87D19C395F000CD51B9 /* PBXTargetDependency */,
			);
			name = JapaneseMinesweeperTests;
			productName = JapaneseMinesweeperTests;
			productReference = F73BD87B19C395F000CD51B9 /* JapaneseMinesweeperTests.xctest */;
			productType = "com.apple.product-type.bundle.unit-test";
		};
/* End PBXNativeTarget section */

/* Begin PBXProject section */
		F73BD85719C395EF00CD51B9 /* Project object */ = {
			isa = PBXProject;
			attributes = {
				LastUpgradeCheck = 1010;
				ORGANIZATIONNAME = Jakmir;
				TargetAttributes = {
					F73BD85E19C395EF00CD51B9 = {
						CreatedOnToolsVersion = 6.0;
						DevelopmentTeam = SB3RGW3B8Q;
						ProvisioningStyle = Automatic;
						SystemCapabilities = {
							com.apple.GameCenter = {
								enabled = 1;
							};
							com.apple.GameCenter.iOS = {
								enabled = 1;
							};
						};
					};
					F73BD87A19C395F000CD51B9 = {
						CreatedOnToolsVersion = 6.0;
						DevelopmentTeam = SB3RGW3B8Q;
						TestTargetID = F73BD85E19C395EF00CD51B9;
					};
				};
			};
			buildConfigurationList = F73BD85A19C395EF00CD51B9 /* Build configuration list for PBXProject "JapaneseMinesweeper" */;
			compatibilityVersion = "Xcode 3.2";
			developmentRegion = en;
			hasScannedForEncodings = 0;
			knownRegions = (
				en,
				Base,
			);
			mainGroup = F73BD85619C395EF00CD51B9;
			productRefGroup = F73BD86019C395EF00CD51B9 /* Products */;
			projectDirPath = "";
			projectRoot = "";
			targets = (
				F73BD85E19C395EF00CD51B9 /* JapaneseMinesweeper */,
				F73BD87A19C395F000CD51B9 /* JapaneseMinesweeperTests */,
			);
		};
/* End PBXProject section */

/* Begin PBXResourcesBuildPhase section */
		F73BD85D19C395EF00CD51B9 /* Resources */ = {
			isa = PBXResourcesBuildPhase;
			buildActionMask = 2147483647;
			files = (
				F78047B21D079E4000BEE2D3 /* level_completed.wav in Resources */,
				F77574911B3A1BDD00160A53 /* Settings.plist in Resources */,
				F78047B41D079E4000BEE2D3 /* ui_feedback.wav in Resources */,
				F78047B31D079E4000BEE2D3 /* put_flag.wav in Resources */,
				F73BD87119C395F000CD51B9 /* Main.storyboard in Resources */,
				F78047B11D079E4000BEE2D3 /* game_over.wav in Resources */,
				F75010161D078B0100EC511C /* JMSAboutViewController.xib in Resources */,
				F73BD87319C395F000CD51B9 /* Images.xcassets in Resources */,
				F778C1B01D05BA0B00A86F84 /* Localizable.strings in Resources */,
			);
			runOnlyForDeploymentPostprocessing = 0;
		};
		F73BD87919C395F000CD51B9 /* Resources */ = {
			isa = PBXResourcesBuildPhase;
			buildActionMask = 2147483647;
			files = (
			);
			runOnlyForDeploymentPostprocessing = 0;
		};
/* End PBXResourcesBuildPhase section */

/* Begin PBXShellScriptBuildPhase section */
		F7C3F9BF1B3F4D0800CCE5C8 /* ShellScript */ = {
			isa = PBXShellScriptBuildPhase;
			buildActionMask = 2147483647;
			files = (
			);
			inputPaths = (
			);
			outputPaths = (
			);
			runOnlyForDeploymentPostprocessing = 0;
			shellPath = /bin/bash;
			shellScript = "#!/bin/bash\nbuildNumber=$(/usr/libexec/PlistBuddy -c \"Print CFBundleVersion\" \"$INFOPLIST_FILE\")\nbuildNumber=$(($buildNumber + 1))\n/usr/libexec/PlistBuddy -c \"Set :CFBundleVersion $buildNumber\" \"$INFOPLIST_FILE\"";
		};
/* End PBXShellScriptBuildPhase section */

/* Begin PBXSourcesBuildPhase section */
		F73BD85B19C395EF00CD51B9 /* Sources */ = {
			isa = PBXSourcesBuildPhase;
			buildActionMask = 2147483647;
			files = (
				F7C3F98E1B3F446900CCE5C8 /* JMSLeaderboardManager.m in Sources */,
				F75010141D078B0100EC511C /* JMSAboutView.m in Sources */,
				F750101F1D078B9900EC511C /* JMSOptionsView.m in Sources */,
				F7C3F9B81B3F472700CCE5C8 /* JMSScoreTableViewCell.m in Sources */,
				F7ADBEEA1A913EC5003BAAF2 /* JMSGameKitHelper.m in Sources */,
				F7C3F9B91B3F472700CCE5C8 /* JMSGradientButton.m in Sources */,
				F75010181D078B0100EC511C /* JMSGameBoardViewController.m in Sources */,
				F75010461D078C5600EC511C /* JMSGameBoardViewController+Tutorial.m in Sources */,
				F7C3F9981B3F458700CCE5C8 /* JMSPopoverPresentationController.m in Sources */,
				F7C3F9BD1B3F472700CCE5C8 /* JMSMineGridView.m in Sources */,
				C768A6EC229C997800727084 /* JMSGameSession.m in Sources */,
				F73BD86519C395EF00CD51B9 /* main.m in Sources */,
				F75010561D078CF300EC511C /* JMSAlteredCellInfo.m in Sources */,
				F7C3F9BB1B3F472700CCE5C8 /* JMSGradientView.m in Sources */,
				F7C3F98B1B3F446900CCE5C8 /* JapaneseMinesweeper.xcdatamodeld in Sources */,
				F750104D1D078CAF00EC511C /* JMSTutorialManager.m in Sources */,
				F75010171D078B0100EC511C /* JMSGameboardView.m in Sources */,
				92CB28AD229B53C0009F5F9A /* JMSMapModel.m in Sources */,
				F775748F1B3A174E00160A53 /* JMSKeyValueSettingsHelper.m in Sources */,
				9289064D2297497600B52773 /* JMSGameModel+Tutorial.m in Sources */,
				F75010481D078C5600EC511C /* UIColor+ColorFromHexString.m in Sources */,
				F75010251D078BA200EC511C /* JMSMainView.m in Sources */,
				F7C3F9BA1B3F472700CCE5C8 /* JMSGradientSpeedmeterView.m in Sources */,
				C768A6EF229C99AB00727084 /* JMSGameSessionModel.m in Sources */,
				F75010201D078B9900EC511C /* JMSOptionsViewController.m in Sources */,
				C768A6F2229C9DDC00727084 /* JMSLeaderboardView.m in Sources */,
				F75010571D078CF300EC511C /* JMSMineGridCellInfo.m in Sources */,
				F750101A1D078B0100EC511C /* JMSLeaderboardViewController.m in Sources */,
				F750105C1D07965A00EC511C /* JMSAppDelegate.m in Sources */,
				F7C3F9BC1B3F472700CCE5C8 /* JMSMessageBoxView.m in Sources */,
				F7ABEFB81A9AA49F0069FDA2 /* JMSSoundHelper.m in Sources */,
				F75010151D078B0100EC511C /* JMSAboutViewController.m in Sources */,
				F75010471D078C5600EC511C /* JMSMessageBoxView+LevelCompleted.m in Sources */,
				F75010501D078CEA00EC511C /* JMSTutorialTask.m in Sources */,
				F75010291D078BC400EC511C /* JMSGameModel.m in Sources */,
				F75010491D078C5600EC511C /* UIColor+GameColorPalette.m in Sources */,
				F75010261D078BA200EC511C /* JMSMainViewController.m in Sources */,
				F7C3F9B71B3F472700CCE5C8 /* JMSMineGridCell.m in Sources */,
				F7C3F98C1B3F446900CCE5C8 /* JMSDataManagerBase.m in Sources */,
			);
			runOnlyForDeploymentPostprocessing = 0;
		};
		F73BD87719C395F000CD51B9 /* Sources */ = {
			isa = PBXSourcesBuildPhase;
			buildActionMask = 2147483647;
			files = (
				F73BD88219C395F000CD51B9 /* JapaneseMinesweeperTests.m in Sources */,
				92597C52221B2FCF001924ED /* JMSGameModel.m in Sources */,
				F7ABEFB91A9AA49F0069FDA2 /* JMSSoundHelper.m in Sources */,
			);
			runOnlyForDeploymentPostprocessing = 0;
		};
/* End PBXSourcesBuildPhase section */

/* Begin PBXTargetDependency section */
		F73BD87D19C395F000CD51B9 /* PBXTargetDependency */ = {
			isa = PBXTargetDependency;
			target = F73BD85E19C395EF00CD51B9 /* JapaneseMinesweeper */;
			targetProxy = F73BD87C19C395F000CD51B9 /* PBXContainerItemProxy */;
		};
/* End PBXTargetDependency section */

/* Begin PBXVariantGroup section */
		F73BD86F19C395F000CD51B9 /* Main.storyboard */ = {
			isa = PBXVariantGroup;
			children = (
				F73BD87019C395F000CD51B9 /* Base */,
				F798301D1D04F0CA0025C1F1 /* en */,
			);
			name = Main.storyboard;
			sourceTree = "<group>";
		};
		F778C1AE1D05BA0B00A86F84 /* Localizable.strings */ = {
			isa = PBXVariantGroup;
			children = (
				F778C1AF1D05BA0B00A86F84 /* en */,
			);
			name = Localizable.strings;
			path = ..;
			sourceTree = "<group>";
		};
/* End PBXVariantGroup section */

/* Begin XCBuildConfiguration section */
		F73BD88319C395F000CD51B9 /* Debug */ = {
			isa = XCBuildConfiguration;
			buildSettings = {
				ALWAYS_SEARCH_USER_PATHS = NO;
				CLANG_CXX_LANGUAGE_STANDARD = "gnu++0x";
				CLANG_CXX_LIBRARY = "libc++";
				CLANG_ENABLE_MODULES = YES;
				CLANG_ENABLE_OBJC_ARC = YES;
				CLANG_WARN_BLOCK_CAPTURE_AUTORELEASING = YES;
				CLANG_WARN_BOOL_CONVERSION = YES;
				CLANG_WARN_COMMA = YES;
				CLANG_WARN_CONSTANT_CONVERSION = YES;
				CLANG_WARN_DEPRECATED_OBJC_IMPLEMENTATIONS = YES;
				CLANG_WARN_DIRECT_OBJC_ISA_USAGE = YES_ERROR;
				CLANG_WARN_EMPTY_BODY = YES;
				CLANG_WARN_ENUM_CONVERSION = YES;
				CLANG_WARN_INFINITE_RECURSION = YES;
				CLANG_WARN_INT_CONVERSION = YES;
				CLANG_WARN_NON_LITERAL_NULL_CONVERSION = YES;
				CLANG_WARN_OBJC_IMPLICIT_RETAIN_SELF = YES;
				CLANG_WARN_OBJC_LITERAL_CONVERSION = YES;
				CLANG_WARN_OBJC_ROOT_CLASS = YES_ERROR;
				CLANG_WARN_RANGE_LOOP_ANALYSIS = YES;
				CLANG_WARN_STRICT_PROTOTYPES = YES;
				CLANG_WARN_SUSPICIOUS_MOVE = YES;
				CLANG_WARN_UNREACHABLE_CODE = YES;
				CLANG_WARN__DUPLICATE_METHOD_MATCH = YES;
				"CODE_SIGN_IDENTITY[sdk=iphoneos*]" = "iPhone Distribution: Denys Melnyk (SB3RGW3B8Q)";
				COPY_PHASE_STRIP = NO;
				ENABLE_STRICT_OBJC_MSGSEND = YES;
				ENABLE_TESTABILITY = YES;
				GCC_C_LANGUAGE_STANDARD = gnu99;
				GCC_DYNAMIC_NO_PIC = NO;
				GCC_NO_COMMON_BLOCKS = YES;
				GCC_OPTIMIZATION_LEVEL = 0;
				GCC_PREPROCESSOR_DEFINITIONS = (
					"DEBUG=1",
					"$(inherited)",
				);
				GCC_SYMBOLS_PRIVATE_EXTERN = NO;
				GCC_WARN_64_TO_32_BIT_CONVERSION = YES;
				GCC_WARN_ABOUT_RETURN_TYPE = YES_ERROR;
				GCC_WARN_UNDECLARED_SELECTOR = YES;
				GCC_WARN_UNINITIALIZED_AUTOS = YES_AGGRESSIVE;
				GCC_WARN_UNUSED_FUNCTION = YES;
				GCC_WARN_UNUSED_VARIABLE = YES;
				IPHONEOS_DEPLOYMENT_TARGET = 8.0;
				MTL_ENABLE_DEBUG_INFO = YES;
				ONLY_ACTIVE_ARCH = YES;
				SDKROOT = iphoneos;
				TARGETED_DEVICE_FAMILY = 2;
			};
			name = Debug;
		};
		F73BD88419C395F000CD51B9 /* Release */ = {
			isa = XCBuildConfiguration;
			buildSettings = {
				ALWAYS_SEARCH_USER_PATHS = NO;
				CLANG_CXX_LANGUAGE_STANDARD = "gnu++0x";
				CLANG_CXX_LIBRARY = "libc++";
				CLANG_ENABLE_MODULES = YES;
				CLANG_ENABLE_OBJC_ARC = YES;
				CLANG_WARN_BLOCK_CAPTURE_AUTORELEASING = YES;
				CLANG_WARN_BOOL_CONVERSION = YES;
				CLANG_WARN_COMMA = YES;
				CLANG_WARN_CONSTANT_CONVERSION = YES;
				CLANG_WARN_DEPRECATED_OBJC_IMPLEMENTATIONS = YES;
				CLANG_WARN_DIRECT_OBJC_ISA_USAGE = YES_ERROR;
				CLANG_WARN_EMPTY_BODY = YES;
				CLANG_WARN_ENUM_CONVERSION = YES;
				CLANG_WARN_INFINITE_RECURSION = YES;
				CLANG_WARN_INT_CONVERSION = YES;
				CLANG_WARN_NON_LITERAL_NULL_CONVERSION = YES;
				CLANG_WARN_OBJC_IMPLICIT_RETAIN_SELF = YES;
				CLANG_WARN_OBJC_LITERAL_CONVERSION = YES;
				CLANG_WARN_OBJC_ROOT_CLASS = YES_ERROR;
				CLANG_WARN_RANGE_LOOP_ANALYSIS = YES;
				CLANG_WARN_STRICT_PROTOTYPES = YES;
				CLANG_WARN_SUSPICIOUS_MOVE = YES;
				CLANG_WARN_UNREACHABLE_CODE = YES;
				CLANG_WARN__DUPLICATE_METHOD_MATCH = YES;
				"CODE_SIGN_IDENTITY[sdk=iphoneos*]" = "iPhone Distribution: Denys Melnyk (SB3RGW3B8Q)";
				COPY_PHASE_STRIP = YES;
				ENABLE_NS_ASSERTIONS = NO;
				ENABLE_STRICT_OBJC_MSGSEND = YES;
				GCC_C_LANGUAGE_STANDARD = gnu99;
				GCC_NO_COMMON_BLOCKS = YES;
				GCC_WARN_64_TO_32_BIT_CONVERSION = YES;
				GCC_WARN_ABOUT_RETURN_TYPE = YES_ERROR;
				GCC_WARN_UNDECLARED_SELECTOR = YES;
				GCC_WARN_UNINITIALIZED_AUTOS = YES_AGGRESSIVE;
				GCC_WARN_UNUSED_FUNCTION = YES;
				GCC_WARN_UNUSED_VARIABLE = YES;
				IPHONEOS_DEPLOYMENT_TARGET = 8.0;
				MTL_ENABLE_DEBUG_INFO = NO;
				SDKROOT = iphoneos;
				TARGETED_DEVICE_FAMILY = 2;
				VALIDATE_PRODUCT = YES;
			};
			name = Release;
		};
		F73BD88619C395F000CD51B9 /* Debug */ = {
			isa = XCBuildConfiguration;
			buildSettings = {
				ASSETCATALOG_COMPILER_APPICON_NAME = AppIcon;
				ASSETCATALOG_COMPILER_LAUNCHIMAGE_NAME = LaunchImage;
				CODE_SIGN_IDENTITY = "iPhone Developer";
				"CODE_SIGN_IDENTITY[sdk=iphoneos*]" = "iPhone Developer";
				CODE_SIGN_STYLE = Automatic;
				DEVELOPMENT_TEAM = SB3RGW3B8Q;
				GCC_PRECOMPILE_PREFIX_HEADER = YES;
				GCC_PREFIX_HEADER = "$(SRCROOT)/JapaneseMinesweeper/PrefixHeader.pch";
				INFOPLIST_FILE = JapaneseMinesweeper/Info.plist;
				IPHONEOS_DEPLOYMENT_TARGET = 8.0;
				LD_RUNPATH_SEARCH_PATHS = "$(inherited) @executable_path/Frameworks";
				PRODUCT_BUNDLE_IDENTIFIER = "Jakmir.$(PRODUCT_NAME:rfc1034identifier)";
				PRODUCT_NAME = "$(TARGET_NAME)";
				PROVISIONING_PROFILE = "";
				PROVISIONING_PROFILE_SPECIFIER = "";
				TARGETED_DEVICE_FAMILY = 2;
			};
			name = Debug;
		};
		F73BD88719C395F000CD51B9 /* Release */ = {
			isa = XCBuildConfiguration;
			buildSettings = {
				ASSETCATALOG_COMPILER_APPICON_NAME = AppIcon;
				ASSETCATALOG_COMPILER_LAUNCHIMAGE_NAME = LaunchImage;
				CODE_SIGN_IDENTITY = "iPhone Developer";
				"CODE_SIGN_IDENTITY[sdk=iphoneos*]" = "iPhone Developer";
				CODE_SIGN_STYLE = Automatic;
				DEVELOPMENT_TEAM = SB3RGW3B8Q;
				GCC_PRECOMPILE_PREFIX_HEADER = YES;
				GCC_PREFIX_HEADER = "$(SRCROOT)/JapaneseMinesweeper/PrefixHeader.pch";
				INFOPLIST_FILE = JapaneseMinesweeper/Info.plist;
				IPHONEOS_DEPLOYMENT_TARGET = 8.0;
				LD_RUNPATH_SEARCH_PATHS = "$(inherited) @executable_path/Frameworks";
				PRODUCT_BUNDLE_IDENTIFIER = "Jakmir.$(PRODUCT_NAME:rfc1034identifier)";
				PRODUCT_NAME = "$(TARGET_NAME)";
				PROVISIONING_PROFILE = "";
				PROVISIONING_PROFILE_SPECIFIER = "";
				TARGETED_DEVICE_FAMILY = 2;
			};
			name = Release;
		};
		F73BD88919C395F000CD51B9 /* Debug */ = {
			isa = XCBuildConfiguration;
			buildSettings = {
				BUNDLE_LOADER = "$(TEST_HOST)";
				CODE_SIGN_IDENTITY = "iPhone Developer";
				"CODE_SIGN_IDENTITY[sdk=iphoneos*]" = "iPhone Developer";
				FRAMEWORK_SEARCH_PATHS = (
					"$(SDKROOT)/Developer/Library/Frameworks",
					"$(inherited)",
				);
				GCC_PREPROCESSOR_DEFINITIONS = (
					"DEBUG=1",
					"$(inherited)",
				);
				INFOPLIST_FILE = JapaneseMinesweeperTests/Info.plist;
				LD_RUNPATH_SEARCH_PATHS = "$(inherited) @executable_path/Frameworks @loader_path/Frameworks";
				PRODUCT_BUNDLE_IDENTIFIER = "Jakmir.$(PRODUCT_NAME:rfc1034identifier)";
				PRODUCT_NAME = "$(TARGET_NAME)";
				PROVISIONING_PROFILE = "";
				TEST_HOST = "$(BUILT_PRODUCTS_DIR)/JapaneseMinesweeper.app/JapaneseMinesweeper";
			};
			name = Debug;
		};
		F73BD88A19C395F000CD51B9 /* Release */ = {
			isa = XCBuildConfiguration;
			buildSettings = {
				BUNDLE_LOADER = "$(TEST_HOST)";
				CODE_SIGN_IDENTITY = "iPhone Developer";
				"CODE_SIGN_IDENTITY[sdk=iphoneos*]" = "iPhone Developer";
				FRAMEWORK_SEARCH_PATHS = (
					"$(SDKROOT)/Developer/Library/Frameworks",
					"$(inherited)",
				);
				INFOPLIST_FILE = JapaneseMinesweeperTests/Info.plist;
				LD_RUNPATH_SEARCH_PATHS = "$(inherited) @executable_path/Frameworks @loader_path/Frameworks";
				PRODUCT_BUNDLE_IDENTIFIER = "Jakmir.$(PRODUCT_NAME:rfc1034identifier)";
				PRODUCT_NAME = "$(TARGET_NAME)";
				PROVISIONING_PROFILE = "";
				TEST_HOST = "$(BUILT_PRODUCTS_DIR)/JapaneseMinesweeper.app/JapaneseMinesweeper";
			};
			name = Release;
		};
/* End XCBuildConfiguration section */

/* Begin XCConfigurationList section */
		F73BD85A19C395EF00CD51B9 /* Build configuration list for PBXProject "JapaneseMinesweeper" */ = {
			isa = XCConfigurationList;
			buildConfigurations = (
				F73BD88319C395F000CD51B9 /* Debug */,
				F73BD88419C395F000CD51B9 /* Release */,
			);
			defaultConfigurationIsVisible = 0;
			defaultConfigurationName = Release;
		};
		F73BD88519C395F000CD51B9 /* Build configuration list for PBXNativeTarget "JapaneseMinesweeper" */ = {
			isa = XCConfigurationList;
			buildConfigurations = (
				F73BD88619C395F000CD51B9 /* Debug */,
				F73BD88719C395F000CD51B9 /* Release */,
			);
			defaultConfigurationIsVisible = 0;
			defaultConfigurationName = Release;
		};
		F73BD88819C395F000CD51B9 /* Build configuration list for PBXNativeTarget "JapaneseMinesweeperTests" */ = {
			isa = XCConfigurationList;
			buildConfigurations = (
				F73BD88919C395F000CD51B9 /* Debug */,
				F73BD88A19C395F000CD51B9 /* Release */,
			);
			defaultConfigurationIsVisible = 0;
			defaultConfigurationName = Release;
		};
/* End XCConfigurationList section */

/* Begin XCVersionGroup section */
		F7C3F9831B3F446900CCE5C8 /* JapaneseMinesweeper.xcdatamodeld */ = {
			isa = XCVersionGroup;
			children = (
				F7C3F9841B3F446900CCE5C8 /* JapaneseMinesweeper.xcdatamodel */,
			);
			currentVersion = F7C3F9841B3F446900CCE5C8 /* JapaneseMinesweeper.xcdatamodel */;
			path = JapaneseMinesweeper.xcdatamodeld;
			sourceTree = "<group>";
			versionGroupType = wrapper.xcdatamodel;
		};
/* End XCVersionGroup section */
	};
	rootObject = F73BD85719C395EF00CD51B9 /* Project object */;
}
